// !$*UTF8*$!
{
	archiveVersion = 1;
	classes = {
	};
	objectVersion = 48;
	objects = {

/* Begin PBXBuildFile section */
		AA0A5402360186F8D4872146 /* libPods-CYLAppBaseFrameWork-Demo.a in Frameworks */ = {isa = PBXBuildFile; fileRef = 8CDF611A57EB18EAEF520055 /* libPods-CYLAppBaseFrameWork-Demo.a */; };
		E354232720906EFC00D9E3C9 /* Info.plist in Resources */ = {isa = PBXBuildFile; fileRef = E35422BD20906EFC00D9E3C9 /* Info.plist */; };
		E354232820906EFC00D9E3C9 /* bip39.c in Sources */ = {isa = PBXBuildFile; fileRef = E35422C220906EFC00D9E3C9 /* bip39.c */; };
		E354232920906EFC00D9E3C9 /* aeskey.c in Sources */ = {isa = PBXBuildFile; fileRef = E35422C320906EFC00D9E3C9 /* aeskey.c */; };
		E354232A20906EFC00D9E3C9 /* hmac.c in Sources */ = {isa = PBXBuildFile; fileRef = E35422C420906EFC00D9E3C9 /* hmac.c */; };
		E354232B20906EFC00D9E3C9 /* sha2.c in Sources */ = {isa = PBXBuildFile; fileRef = E35422C620906EFC00D9E3C9 /* sha2.c */; };
		E354232C20906EFC00D9E3C9 /* rand.c in Sources */ = {isa = PBXBuildFile; fileRef = E35422C720906EFC00D9E3C9 /* rand.c */; };
		E354232D20906EFC00D9E3C9 /* aescrypt.c in Sources */ = {isa = PBXBuildFile; fileRef = E35422C920906EFC00D9E3C9 /* aescrypt.c */; };
		E354232E20906EFC00D9E3C9 /* curves.c in Sources */ = {isa = PBXBuildFile; fileRef = E35422CD20906EFC00D9E3C9 /* curves.c */; };
		E354232F20906EFC00D9E3C9 /* secp256k1.c in Sources */ = {isa = PBXBuildFile; fileRef = E35422CF20906EFC00D9E3C9 /* secp256k1.c */; };
		E354233020906EFC00D9E3C9 /* aes_modes.c in Sources */ = {isa = PBXBuildFile; fileRef = E35422D120906EFC00D9E3C9 /* aes_modes.c */; };
		E354233120906EFC00D9E3C9 /* bignum.c in Sources */ = {isa = PBXBuildFile; fileRef = E35422D320906EFC00D9E3C9 /* bignum.c */; };
		E354233220906EFC00D9E3C9 /* ripemd160.c in Sources */ = {isa = PBXBuildFile; fileRef = E35422D720906EFC00D9E3C9 /* ripemd160.c */; };
		E354233320906EFC00D9E3C9 /* secp256k1.table in Resources */ = {isa = PBXBuildFile; fileRef = E35422D920906EFC00D9E3C9 /* secp256k1.table */; };
		E354233420906EFC00D9E3C9 /* aestab.c in Sources */ = {isa = PBXBuildFile; fileRef = E35422DE20906EFC00D9E3C9 /* aestab.c */; };
		E354233520906EFC00D9E3C9 /* bip32.c in Sources */ = {isa = PBXBuildFile; fileRef = E35422DF20906EFC00D9E3C9 /* bip32.c */; };
		E354233620906EFC00D9E3C9 /* sha3.c in Sources */ = {isa = PBXBuildFile; fileRef = E35422E120906EFC00D9E3C9 /* sha3.c */; };
		E354233720906EFC00D9E3C9 /* base58.c in Sources */ = {isa = PBXBuildFile; fileRef = E35422E220906EFC00D9E3C9 /* base58.c */; };
		E354233820906EFC00D9E3C9 /* ecdsa.c in Sources */ = {isa = PBXBuildFile; fileRef = E35422E420906EFC00D9E3C9 /* ecdsa.c */; };
		E354233920906EFC00D9E3C9 /* pbkdf2.c in Sources */ = {isa = PBXBuildFile; fileRef = E35422E520906EFC00D9E3C9 /* pbkdf2.c */; };
		E354233A20906EFC00D9E3C9 /* mpi.c in Sources */ = {isa = PBXBuildFile; fileRef = E35422EC20906EFC00D9E3C9 /* mpi.c */; };
		E354233F20906EFC00D9E3C9 /* Payment.m in Sources */ = {isa = PBXBuildFile; fileRef = E35422F720906EFC00D9E3C9 /* Payment.m */; };
		E354234020906EFC00D9E3C9 /* Address.m in Sources */ = {isa = PBXBuildFile; fileRef = E35422F820906EFC00D9E3C9 /* Address.m */; };
		E354234120906EFC00D9E3C9 /* TransactionInfo.m in Sources */ = {isa = PBXBuildFile; fileRef = E35422F920906EFC00D9E3C9 /* TransactionInfo.m */; };
		E354234220906EFC00D9E3C9 /* Signature.m in Sources */ = {isa = PBXBuildFile; fileRef = E35422FA20906EFC00D9E3C9 /* Signature.m */; };
		E354234320906EFC00D9E3C9 /* BlockInfo.m in Sources */ = {isa = PBXBuildFile; fileRef = E35422FC20906EFC00D9E3C9 /* BlockInfo.m */; };
		E354234420906EFC00D9E3C9 /* Account.m in Sources */ = {isa = PBXBuildFile; fileRef = E35422FD20906EFC00D9E3C9 /* Account.m */; };
		E354234520906EFC00D9E3C9 /* Utilities.m in Sources */ = {isa = PBXBuildFile; fileRef = E354230120906EFC00D9E3C9 /* Utilities.m */; };
		E354234620906EFC00D9E3C9 /* SecureData.m in Sources */ = {isa = PBXBuildFile; fileRef = E354230620906EFC00D9E3C9 /* SecureData.m */; };
		E354234720906EFC00D9E3C9 /* RLPSerialization.m in Sources */ = {isa = PBXBuildFile; fileRef = E354230720906EFC00D9E3C9 /* RLPSerialization.m */; };
		E354234820906EFC00D9E3C9 /* BigNumber.m in Sources */ = {isa = PBXBuildFile; fileRef = E354230820906EFC00D9E3C9 /* BigNumber.m */; };
		E354234920906EFC00D9E3C9 /* Promise.m in Sources */ = {isa = PBXBuildFile; fileRef = E354230920906EFC00D9E3C9 /* Promise.m */; };
		E354234A20906EFC00D9E3C9 /* RegEx.m in Sources */ = {isa = PBXBuildFile; fileRef = E354230A20906EFC00D9E3C9 /* RegEx.m */; };
		E354234B20906EFC00D9E3C9 /* Hash.m in Sources */ = {isa = PBXBuildFile; fileRef = E354230C20906EFC00D9E3C9 /* Hash.m */; };
		E354234C20906EFC00D9E3C9 /* FallbackProvider.m in Sources */ = {isa = PBXBuildFile; fileRef = E354230F20906EFC00D9E3C9 /* FallbackProvider.m */; };
		E354234D20906EFC00D9E3C9 /* Provider.m in Sources */ = {isa = PBXBuildFile; fileRef = E354231020906EFC00D9E3C9 /* Provider.m */; };
		E354234F20906EFC00D9E3C9 /* EtherscanProvider.m in Sources */ = {isa = PBXBuildFile; fileRef = E354231920906EFC00D9E3C9 /* EtherscanProvider.m */; };
		E354235020906EFC00D9E3C9 /* InfuraProvider.m in Sources */ = {isa = PBXBuildFile; fileRef = E354231B20906EFC00D9E3C9 /* InfuraProvider.m */; };
		E354235120906EFC00D9E3C9 /* ApiProvider.m in Sources */ = {isa = PBXBuildFile; fileRef = E354231C20906EFC00D9E3C9 /* ApiProvider.m */; };
		E354235220906EFC00D9E3C9 /* JsonRpcProvider.m in Sources */ = {isa = PBXBuildFile; fileRef = E354231E20906EFC00D9E3C9 /* JsonRpcProvider.m */; };
		E354235320906EFC00D9E3C9 /* EtherchainProvider.m in Sources */ = {isa = PBXBuildFile; fileRef = E354232020906EFC00D9E3C9 /* EtherchainProvider.m */; };
		E354235420906EFC00D9E3C9 /* RoundRobinProvider.m in Sources */ = {isa = PBXBuildFile; fileRef = E354232120906EFC00D9E3C9 /* RoundRobinProvider.m */; };
		E354235520906EFC00D9E3C9 /* Transaction.m in Sources */ = {isa = PBXBuildFile; fileRef = E354232620906EFC00D9E3C9 /* Transaction.m */; };
		E35423612090741C00D9E3C9 /* scrypt_sha256.c in Sources */ = {isa = PBXBuildFile; fileRef = E354235D2090741C00D9E3C9 /* scrypt_sha256.c */; };
		E35423632090741C00D9E3C9 /* crypto_scrypt-ref.c in Sources */ = {isa = PBXBuildFile; fileRef = E354235F2090741C00D9E3C9 /* crypto_scrypt-ref.c */; };
		E7716ACD208833E100A3A0EF /* AppDelegate.m in Sources */ = {isa = PBXBuildFile; fileRef = E7716ACC208833E100A3A0EF /* AppDelegate.m */; };
		E7716AD0208833E100A3A0EF /* ViewController.m in Sources */ = {isa = PBXBuildFile; fileRef = E7716ACF208833E100A3A0EF /* ViewController.m */; };
		E7716AD3208833E100A3A0EF /* Main.storyboard in Resources */ = {isa = PBXBuildFile; fileRef = E7716AD1208833E100A3A0EF /* Main.storyboard */; };
		E7716AD5208833E100A3A0EF /* Assets.xcassets in Resources */ = {isa = PBXBuildFile; fileRef = E7716AD4208833E100A3A0EF /* Assets.xcassets */; };
		E7716AD8208833E100A3A0EF /* LaunchScreen.storyboard in Resources */ = {isa = PBXBuildFile; fileRef = E7716AD6208833E100A3A0EF /* LaunchScreen.storyboard */; };
		E7716ADB208833E100A3A0EF /* main.m in Sources */ = {isa = PBXBuildFile; fileRef = E7716ADA208833E100A3A0EF /* main.m */; };
		E797921F2088704800538641 /* CYLAppBaseFrameWork.framework in Frameworks */ = {isa = PBXBuildFile; fileRef = E797921E2088704800538641 /* CYLAppBaseFrameWork.framework */; };
/* End PBXBuildFile section */

/* Begin PBXFileReference section */
		094D1B83C4297D02ABD0D014 /* Pods-CYLAppBaseFrameWork-Demo.debug.xcconfig */ = {isa = PBXFileReference; includeInIndex = 1; lastKnownFileType = text.xcconfig; name = "Pods-CYLAppBaseFrameWork-Demo.debug.xcconfig"; path = "Pods/Target Support Files/Pods-CYLAppBaseFrameWork-Demo/Pods-CYLAppBaseFrameWork-Demo.debug.xcconfig"; sourceTree = "<group>"; };
		8CDF611A57EB18EAEF520055 /* libPods-CYLAppBaseFrameWork-Demo.a */ = {isa = PBXFileReference; explicitFileType = archive.ar; includeInIndex = 0; path = "libPods-CYLAppBaseFrameWork-Demo.a"; sourceTree = BUILT_PRODUCTS_DIR; };
		9B8441AE223EDFC83038BD90 /* Pods-CYLAppBaseFrameWork-Demo.release.xcconfig */ = {isa = PBXFileReference; includeInIndex = 1; lastKnownFileType = text.xcconfig; name = "Pods-CYLAppBaseFrameWork-Demo.release.xcconfig"; path = "Pods/Target Support Files/Pods-CYLAppBaseFrameWork-Demo/Pods-CYLAppBaseFrameWork-Demo.release.xcconfig"; sourceTree = "<group>"; };
		E35422BC20906EFC00D9E3C9 /* ethers.h */ = {isa = PBXFileReference; fileEncoding = 4; lastKnownFileType = sourcecode.c.h; path = ethers.h; sourceTree = "<group>"; };
		E35422BD20906EFC00D9E3C9 /* Info.plist */ = {isa = PBXFileReference; fileEncoding = 4; lastKnownFileType = text.plist.xml; path = Info.plist; sourceTree = "<group>"; };
		E35422C020906EFC00D9E3C9 /* ccMemory.h */ = {isa = PBXFileReference; fileEncoding = 4; lastKnownFileType = sourcecode.c.h; path = ccMemory.h; sourceTree = "<group>"; };
		E35422C220906EFC00D9E3C9 /* bip39.c */ = {isa = PBXFileReference; fileEncoding = 4; lastKnownFileType = sourcecode.c.c; path = bip39.c; sourceTree = "<group>"; };
		E35422C320906EFC00D9E3C9 /* aeskey.c */ = {isa = PBXFileReference; fileEncoding = 4; lastKnownFileType = sourcecode.c.c; path = aeskey.c; sourceTree = "<group>"; };
		E35422C420906EFC00D9E3C9 /* hmac.c */ = {isa = PBXFileReference; fileEncoding = 4; lastKnownFileType = sourcecode.c.c; path = hmac.c; sourceTree = "<group>"; };
		E35422C520906EFC00D9E3C9 /* ripemd160.h */ = {isa = PBXFileReference; fileEncoding = 4; lastKnownFileType = sourcecode.c.h; path = ripemd160.h; sourceTree = "<group>"; };
		E35422C620906EFC00D9E3C9 /* sha2.c */ = {isa = PBXFileReference; fileEncoding = 4; lastKnownFileType = sourcecode.c.c; path = sha2.c; sourceTree = "<group>"; };
		E35422C720906EFC00D9E3C9 /* rand.c */ = {isa = PBXFileReference; fileEncoding = 4; lastKnownFileType = sourcecode.c.c; path = rand.c; sourceTree = "<group>"; };
		E35422C820906EFC00D9E3C9 /* aestab.h */ = {isa = PBXFileReference; fileEncoding = 4; lastKnownFileType = sourcecode.c.h; path = aestab.h; sourceTree = "<group>"; };
		E35422C920906EFC00D9E3C9 /* aescrypt.c */ = {isa = PBXFileReference; fileEncoding = 4; lastKnownFileType = sourcecode.c.c; path = aescrypt.c; sourceTree = "<group>"; };
		E35422CA20906EFC00D9E3C9 /* base58.h */ = {isa = PBXFileReference; fileEncoding = 4; lastKnownFileType = sourcecode.c.h; path = base58.h; sourceTree = "<group>"; };
		E35422CB20906EFC00D9E3C9 /* aesopt.h */ = {isa = PBXFileReference; fileEncoding = 4; lastKnownFileType = sourcecode.c.h; path = aesopt.h; sourceTree = "<group>"; };
		E35422CC20906EFC00D9E3C9 /* sha3.h */ = {isa = PBXFileReference; fileEncoding = 4; lastKnownFileType = sourcecode.c.h; path = sha3.h; sourceTree = "<group>"; };
		E35422CD20906EFC00D9E3C9 /* curves.c */ = {isa = PBXFileReference; fileEncoding = 4; lastKnownFileType = sourcecode.c.c; path = curves.c; sourceTree = "<group>"; };
		E35422CE20906EFC00D9E3C9 /* bip32.h */ = {isa = PBXFileReference; fileEncoding = 4; lastKnownFileType = sourcecode.c.h; path = bip32.h; sourceTree = "<group>"; };
		E35422CF20906EFC00D9E3C9 /* secp256k1.c */ = {isa = PBXFileReference; fileEncoding = 4; lastKnownFileType = sourcecode.c.c; path = secp256k1.c; sourceTree = "<group>"; };
		E35422D020906EFC00D9E3C9 /* ecdsa.h */ = {isa = PBXFileReference; fileEncoding = 4; lastKnownFileType = sourcecode.c.h; path = ecdsa.h; sourceTree = "<group>"; };
		E35422D120906EFC00D9E3C9 /* aes_modes.c */ = {isa = PBXFileReference; fileEncoding = 4; lastKnownFileType = sourcecode.c.c; path = aes_modes.c; sourceTree = "<group>"; };
		E35422D220906EFC00D9E3C9 /* pbkdf2.h */ = {isa = PBXFileReference; fileEncoding = 4; lastKnownFileType = sourcecode.c.h; path = pbkdf2.h; sourceTree = "<group>"; };
		E35422D320906EFC00D9E3C9 /* bignum.c */ = {isa = PBXFileReference; fileEncoding = 4; lastKnownFileType = sourcecode.c.c; path = bignum.c; sourceTree = "<group>"; };
		E35422D420906EFC00D9E3C9 /* options.h */ = {isa = PBXFileReference; fileEncoding = 4; lastKnownFileType = sourcecode.c.h; path = options.h; sourceTree = "<group>"; };
		E35422D520906EFC00D9E3C9 /* bip39_english.h */ = {isa = PBXFileReference; fileEncoding = 4; lastKnownFileType = sourcecode.c.h; path = bip39_english.h; sourceTree = "<group>"; };
		E35422D620906EFC00D9E3C9 /* sha2.h */ = {isa = PBXFileReference; fileEncoding = 4; lastKnownFileType = sourcecode.c.h; path = sha2.h; sourceTree = "<group>"; };
		E35422D720906EFC00D9E3C9 /* ripemd160.c */ = {isa = PBXFileReference; fileEncoding = 4; lastKnownFileType = sourcecode.c.c; path = ripemd160.c; sourceTree = "<group>"; };
		E35422D820906EFC00D9E3C9 /* hmac.h */ = {isa = PBXFileReference; fileEncoding = 4; lastKnownFileType = sourcecode.c.h; path = hmac.h; sourceTree = "<group>"; };
		E35422D920906EFC00D9E3C9 /* secp256k1.table */ = {isa = PBXFileReference; fileEncoding = 4; lastKnownFileType = text; path = secp256k1.table; sourceTree = "<group>"; };
		E35422DA20906EFC00D9E3C9 /* bip39.h */ = {isa = PBXFileReference; fileEncoding = 4; lastKnownFileType = sourcecode.c.h; path = bip39.h; sourceTree = "<group>"; };
		E35422DB20906EFC00D9E3C9 /* aes.h */ = {isa = PBXFileReference; fileEncoding = 4; lastKnownFileType = sourcecode.c.h; path = aes.h; sourceTree = "<group>"; };
		E35422DC20906EFC00D9E3C9 /* macros.h */ = {isa = PBXFileReference; fileEncoding = 4; lastKnownFileType = sourcecode.c.h; path = macros.h; sourceTree = "<group>"; };
		E35422DD20906EFC00D9E3C9 /* rand.h */ = {isa = PBXFileReference; fileEncoding = 4; lastKnownFileType = sourcecode.c.h; path = rand.h; sourceTree = "<group>"; };
		E35422DE20906EFC00D9E3C9 /* aestab.c */ = {isa = PBXFileReference; fileEncoding = 4; lastKnownFileType = sourcecode.c.c; path = aestab.c; sourceTree = "<group>"; };
		E35422DF20906EFC00D9E3C9 /* bip32.c */ = {isa = PBXFileReference; fileEncoding = 4; lastKnownFileType = sourcecode.c.c; path = bip32.c; sourceTree = "<group>"; };
		E35422E020906EFC00D9E3C9 /* curves.h */ = {isa = PBXFileReference; fileEncoding = 4; lastKnownFileType = sourcecode.c.h; path = curves.h; sourceTree = "<group>"; };
		E35422E120906EFC00D9E3C9 /* sha3.c */ = {isa = PBXFileReference; fileEncoding = 4; lastKnownFileType = sourcecode.c.c; path = sha3.c; sourceTree = "<group>"; };
		E35422E220906EFC00D9E3C9 /* base58.c */ = {isa = PBXFileReference; fileEncoding = 4; lastKnownFileType = sourcecode.c.c; path = base58.c; sourceTree = "<group>"; };
		E35422E320906EFC00D9E3C9 /* bignum.h */ = {isa = PBXFileReference; fileEncoding = 4; lastKnownFileType = sourcecode.c.h; path = bignum.h; sourceTree = "<group>"; };
		E35422E420906EFC00D9E3C9 /* ecdsa.c */ = {isa = PBXFileReference; fileEncoding = 4; lastKnownFileType = sourcecode.c.c; path = ecdsa.c; sourceTree = "<group>"; };
		E35422E520906EFC00D9E3C9 /* pbkdf2.c */ = {isa = PBXFileReference; fileEncoding = 4; lastKnownFileType = sourcecode.c.c; path = pbkdf2.c; sourceTree = "<group>"; };
		E35422E620906EFC00D9E3C9 /* secp256k1.h */ = {isa = PBXFileReference; fileEncoding = 4; lastKnownFileType = sourcecode.c.h; path = secp256k1.h; sourceTree = "<group>"; };
		E35422E820906EFC00D9E3C9 /* tommath_private.h */ = {isa = PBXFileReference; fileEncoding = 4; lastKnownFileType = sourcecode.c.h; path = tommath_private.h; sourceTree = "<group>"; };
		E35422E920906EFC00D9E3C9 /* tommath_class.h */ = {isa = PBXFileReference; fileEncoding = 4; lastKnownFileType = sourcecode.c.h; path = tommath_class.h; sourceTree = "<group>"; };
		E35422EA20906EFC00D9E3C9 /* tommath_superclass.h */ = {isa = PBXFileReference; fileEncoding = 4; lastKnownFileType = sourcecode.c.h; path = tommath_superclass.h; sourceTree = "<group>"; };
		E35422EB20906EFC00D9E3C9 /* tommath.h */ = {isa = PBXFileReference; fileEncoding = 4; lastKnownFileType = sourcecode.c.h; path = tommath.h; sourceTree = "<group>"; };
		E35422EC20906EFC00D9E3C9 /* mpi.c */ = {isa = PBXFileReference; fileEncoding = 4; lastKnownFileType = sourcecode.c.c; path = mpi.c; sourceTree = "<group>"; };
		E35422F620906EFC00D9E3C9 /* Hash.h */ = {isa = PBXFileReference; fileEncoding = 4; lastKnownFileType = sourcecode.c.h; path = Hash.h; sourceTree = "<group>"; };
		E35422F720906EFC00D9E3C9 /* Payment.m */ = {isa = PBXFileReference; fileEncoding = 4; lastKnownFileType = sourcecode.c.objc; path = Payment.m; sourceTree = "<group>"; };
		E35422F820906EFC00D9E3C9 /* Address.m */ = {isa = PBXFileReference; fileEncoding = 4; lastKnownFileType = sourcecode.c.objc; path = Address.m; sourceTree = "<group>"; };
		E35422F920906EFC00D9E3C9 /* TransactionInfo.m */ = {isa = PBXFileReference; fileEncoding = 4; lastKnownFileType = sourcecode.c.objc; path = TransactionInfo.m; sourceTree = "<group>"; };
		E35422FA20906EFC00D9E3C9 /* Signature.m */ = {isa = PBXFileReference; fileEncoding = 4; lastKnownFileType = sourcecode.c.objc; path = Signature.m; sourceTree = "<group>"; };
		E35422FB20906EFC00D9E3C9 /* Transaction.h */ = {isa = PBXFileReference; fileEncoding = 4; lastKnownFileType = sourcecode.c.h; path = Transaction.h; sourceTree = "<group>"; };
		E35422FC20906EFC00D9E3C9 /* BlockInfo.m */ = {isa = PBXFileReference; fileEncoding = 4; lastKnownFileType = sourcecode.c.objc; path = BlockInfo.m; sourceTree = "<group>"; };
		E35422FD20906EFC00D9E3C9 /* Account.m */ = {isa = PBXFileReference; fileEncoding = 4; lastKnownFileType = sourcecode.c.objc; path = Account.m; sourceTree = "<group>"; };
		E35422FF20906EFC00D9E3C9 /* SecureData.h */ = {isa = PBXFileReference; fileEncoding = 4; lastKnownFileType = sourcecode.c.h; path = SecureData.h; sourceTree = "<group>"; };
		E354230020906EFC00D9E3C9 /* RLPSerialization.h */ = {isa = PBXFileReference; fileEncoding = 4; lastKnownFileType = sourcecode.c.h; path = RLPSerialization.h; sourceTree = "<group>"; };
		E354230120906EFC00D9E3C9 /* Utilities.m */ = {isa = PBXFileReference; fileEncoding = 4; lastKnownFileType = sourcecode.c.objc; path = Utilities.m; sourceTree = "<group>"; };
		E354230220906EFC00D9E3C9 /* BigNumber.h */ = {isa = PBXFileReference; fileEncoding = 4; lastKnownFileType = sourcecode.c.h; path = BigNumber.h; sourceTree = "<group>"; };
		E354230320906EFC00D9E3C9 /* RegEx.h */ = {isa = PBXFileReference; fileEncoding = 4; lastKnownFileType = sourcecode.c.h; path = RegEx.h; sourceTree = "<group>"; };
		E354230420906EFC00D9E3C9 /* Promise.h */ = {isa = PBXFileReference; fileEncoding = 4; lastKnownFileType = sourcecode.c.h; path = Promise.h; sourceTree = "<group>"; };
		E354230520906EFC00D9E3C9 /* Utilities.h */ = {isa = PBXFileReference; fileEncoding = 4; lastKnownFileType = sourcecode.c.h; path = Utilities.h; sourceTree = "<group>"; };
		E354230620906EFC00D9E3C9 /* SecureData.m */ = {isa = PBXFileReference; fileEncoding = 4; lastKnownFileType = sourcecode.c.objc; path = SecureData.m; sourceTree = "<group>"; };
		E354230720906EFC00D9E3C9 /* RLPSerialization.m */ = {isa = PBXFileReference; fileEncoding = 4; lastKnownFileType = sourcecode.c.objc; path = RLPSerialization.m; sourceTree = "<group>"; };
		E354230820906EFC00D9E3C9 /* BigNumber.m */ = {isa = PBXFileReference; fileEncoding = 4; lastKnownFileType = sourcecode.c.objc; path = BigNumber.m; sourceTree = "<group>"; };
		E354230920906EFC00D9E3C9 /* Promise.m */ = {isa = PBXFileReference; fileEncoding = 4; lastKnownFileType = sourcecode.c.objc; path = Promise.m; sourceTree = "<group>"; };
		E354230A20906EFC00D9E3C9 /* RegEx.m */ = {isa = PBXFileReference; fileEncoding = 4; lastKnownFileType = sourcecode.c.objc; path = RegEx.m; sourceTree = "<group>"; };
		E354230B20906EFC00D9E3C9 /* Payment.h */ = {isa = PBXFileReference; fileEncoding = 4; lastKnownFileType = sourcecode.c.h; path = Payment.h; sourceTree = "<group>"; };
		E354230C20906EFC00D9E3C9 /* Hash.m */ = {isa = PBXFileReference; fileEncoding = 4; lastKnownFileType = sourcecode.c.objc; path = Hash.m; sourceTree = "<group>"; };
		E354230D20906EFC00D9E3C9 /* TransactionInfo.h */ = {isa = PBXFileReference; fileEncoding = 4; lastKnownFileType = sourcecode.c.h; path = TransactionInfo.h; sourceTree = "<group>"; };
		E354230F20906EFC00D9E3C9 /* FallbackProvider.m */ = {isa = PBXFileReference; fileEncoding = 4; lastKnownFileType = sourcecode.c.objc; path = FallbackProvider.m; sourceTree = "<group>"; };
		E354231020906EFC00D9E3C9 /* Provider.m */ = {isa = PBXFileReference; fileEncoding = 4; lastKnownFileType = sourcecode.c.objc; path = Provider.m; sourceTree = "<group>"; };
		E354231120906EFC00D9E3C9 /* RoundRobinProvider.h */ = {isa = PBXFileReference; fileEncoding = 4; lastKnownFileType = sourcecode.c.h; path = RoundRobinProvider.h; sourceTree = "<group>"; };
		E354231320906EFC00D9E3C9 /* FallbackProvider.h */ = {isa = PBXFileReference; fileEncoding = 4; lastKnownFileType = sourcecode.c.h; path = FallbackProvider.h; sourceTree = "<group>"; };
		E354231420906EFC00D9E3C9 /* Provider.h */ = {isa = PBXFileReference; fileEncoding = 4; lastKnownFileType = sourcecode.c.h; path = Provider.h; sourceTree = "<group>"; };
		E354231720906EFC00D9E3C9 /* ApiProvider.h */ = {isa = PBXFileReference; fileEncoding = 4; lastKnownFileType = sourcecode.c.h; path = ApiProvider.h; sourceTree = "<group>"; };
		E354231820906EFC00D9E3C9 /* JsonRpcProvider.h */ = {isa = PBXFileReference; fileEncoding = 4; lastKnownFileType = sourcecode.c.h; path = JsonRpcProvider.h; sourceTree = "<group>"; };
		E354231920906EFC00D9E3C9 /* EtherscanProvider.m */ = {isa = PBXFileReference; fileEncoding = 4; lastKnownFileType = sourcecode.c.objc; path = EtherscanProvider.m; sourceTree = "<group>"; };
		E354231A20906EFC00D9E3C9 /* EtherchainProvider.h */ = {isa = PBXFileReference; fileEncoding = 4; lastKnownFileType = sourcecode.c.h; path = EtherchainProvider.h; sourceTree = "<group>"; };
		E354231B20906EFC00D9E3C9 /* InfuraProvider.m */ = {isa = PBXFileReference; fileEncoding = 4; lastKnownFileType = sourcecode.c.objc; path = InfuraProvider.m; sourceTree = "<group>"; };
		E354231C20906EFC00D9E3C9 /* ApiProvider.m */ = {isa = PBXFileReference; fileEncoding = 4; lastKnownFileType = sourcecode.c.objc; path = ApiProvider.m; sourceTree = "<group>"; };
		E354231D20906EFC00D9E3C9 /* EtherscanProvider.h */ = {isa = PBXFileReference; fileEncoding = 4; lastKnownFileType = sourcecode.c.h; path = EtherscanProvider.h; sourceTree = "<group>"; };
		E354231E20906EFC00D9E3C9 /* JsonRpcProvider.m */ = {isa = PBXFileReference; fileEncoding = 4; lastKnownFileType = sourcecode.c.objc; path = JsonRpcProvider.m; sourceTree = "<group>"; };
		E354231F20906EFC00D9E3C9 /* InfuraProvider.h */ = {isa = PBXFileReference; fileEncoding = 4; lastKnownFileType = sourcecode.c.h; path = InfuraProvider.h; sourceTree = "<group>"; };
		E354232020906EFC00D9E3C9 /* EtherchainProvider.m */ = {isa = PBXFileReference; fileEncoding = 4; lastKnownFileType = sourcecode.c.objc; path = EtherchainProvider.m; sourceTree = "<group>"; };
		E354232120906EFC00D9E3C9 /* RoundRobinProvider.m */ = {isa = PBXFileReference; fileEncoding = 4; lastKnownFileType = sourcecode.c.objc; path = RoundRobinProvider.m; sourceTree = "<group>"; };
		E354232220906EFC00D9E3C9 /* Address.h */ = {isa = PBXFileReference; fileEncoding = 4; lastKnownFileType = sourcecode.c.h; path = Address.h; sourceTree = "<group>"; };
		E354232320906EFC00D9E3C9 /* Account.h */ = {isa = PBXFileReference; fileEncoding = 4; lastKnownFileType = sourcecode.c.h; path = Account.h; sourceTree = "<group>"; };
		E354232420906EFC00D9E3C9 /* BlockInfo.h */ = {isa = PBXFileReference; fileEncoding = 4; lastKnownFileType = sourcecode.c.h; path = BlockInfo.h; sourceTree = "<group>"; };
		E354232520906EFC00D9E3C9 /* Signature.h */ = {isa = PBXFileReference; fileEncoding = 4; lastKnownFileType = sourcecode.c.h; path = Signature.h; sourceTree = "<group>"; };
		E354232620906EFC00D9E3C9 /* Transaction.m */ = {isa = PBXFileReference; fileEncoding = 4; lastKnownFileType = sourcecode.c.objc; path = Transaction.m; sourceTree = "<group>"; };
		E354235A2090741C00D9E3C9 /* scrypt_sha256.h */ = {isa = PBXFileReference; fileEncoding = 4; lastKnownFileType = sourcecode.c.h; path = scrypt_sha256.h; sourceTree = "<group>"; };
		E354235B2090741C00D9E3C9 /* crypto_scrypt.h */ = {isa = PBXFileReference; fileEncoding = 4; lastKnownFileType = sourcecode.c.h; path = crypto_scrypt.h; sourceTree = "<group>"; };
		E354235C2090741C00D9E3C9 /* sysendian.h */ = {isa = PBXFileReference; fileEncoding = 4; lastKnownFileType = sourcecode.c.h; path = sysendian.h; sourceTree = "<group>"; };
		E354235D2090741C00D9E3C9 /* scrypt_sha256.c */ = {isa = PBXFileReference; fileEncoding = 4; lastKnownFileType = sourcecode.c.c; path = scrypt_sha256.c; sourceTree = "<group>"; };
		E354235F2090741C00D9E3C9 /* crypto_scrypt-ref.c */ = {isa = PBXFileReference; fileEncoding = 4; lastKnownFileType = sourcecode.c.c; path = "crypto_scrypt-ref.c"; sourceTree = "<group>"; };
		E7716AC8208833E100A3A0EF /* CYLAppBaseFrameWork-Demo.app */ = {isa = PBXFileReference; explicitFileType = wrapper.application; includeInIndex = 0; path = "CYLAppBaseFrameWork-Demo.app"; sourceTree = BUILT_PRODUCTS_DIR; };
		E7716ACB208833E100A3A0EF /* AppDelegate.h */ = {isa = PBXFileReference; lastKnownFileType = sourcecode.c.h; path = AppDelegate.h; sourceTree = "<group>"; };
		E7716ACC208833E100A3A0EF /* AppDelegate.m */ = {isa = PBXFileReference; lastKnownFileType = sourcecode.c.objc; path = AppDelegate.m; sourceTree = "<group>"; };
		E7716ACE208833E100A3A0EF /* ViewController.h */ = {isa = PBXFileReference; lastKnownFileType = sourcecode.c.h; path = ViewController.h; sourceTree = "<group>"; };
		E7716ACF208833E100A3A0EF /* ViewController.m */ = {isa = PBXFileReference; lastKnownFileType = sourcecode.c.objc; path = ViewController.m; sourceTree = "<group>"; };
		E7716AD2208833E100A3A0EF /* Base */ = {isa = PBXFileReference; lastKnownFileType = file.storyboard; name = Base; path = Base.lproj/Main.storyboard; sourceTree = "<group>"; };
		E7716AD4208833E100A3A0EF /* Assets.xcassets */ = {isa = PBXFileReference; lastKnownFileType = folder.assetcatalog; path = Assets.xcassets; sourceTree = "<group>"; };
		E7716AD7208833E100A3A0EF /* Base */ = {isa = PBXFileReference; lastKnownFileType = file.storyboard; name = Base; path = Base.lproj/LaunchScreen.storyboard; sourceTree = "<group>"; };
		E7716AD9208833E100A3A0EF /* Info.plist */ = {isa = PBXFileReference; lastKnownFileType = text.plist.xml; path = Info.plist; sourceTree = "<group>"; };
		E7716ADA208833E100A3A0EF /* main.m */ = {isa = PBXFileReference; lastKnownFileType = sourcecode.c.objc; path = main.m; sourceTree = "<group>"; };
		E797921E2088704800538641 /* CYLAppBaseFrameWork.framework */ = {isa = PBXFileReference; lastKnownFileType = wrapper.framework; path = CYLAppBaseFrameWork.framework; sourceTree = "<group>"; };
/* End PBXFileReference section */

/* Begin PBXFrameworksBuildPhase section */
		E7716AC5208833E100A3A0EF /* Frameworks */ = {
			isa = PBXFrameworksBuildPhase;
			buildActionMask = 2147483647;
			files = (
				E797921F2088704800538641 /* CYLAppBaseFrameWork.framework in Frameworks */,
				AA0A5402360186F8D4872146 /* libPods-CYLAppBaseFrameWork-Demo.a in Frameworks */,
			);
			runOnlyForDeploymentPostprocessing = 0;
		};
/* End PBXFrameworksBuildPhase section */

/* Begin PBXGroup section */
		1568014D9397D84D16BED357 /* Pods */ = {
			isa = PBXGroup;
			children = (
				094D1B83C4297D02ABD0D014 /* Pods-CYLAppBaseFrameWork-Demo.debug.xcconfig */,
				9B8441AE223EDFC83038BD90 /* Pods-CYLAppBaseFrameWork-Demo.release.xcconfig */,
			);
			name = Pods;
			sourceTree = "<group>";
		};
		B5D56BE5733C1DE26B2E7511 /* Frameworks */ = {
			isa = PBXGroup;
			children = (
				8CDF611A57EB18EAEF520055 /* libPods-CYLAppBaseFrameWork-Demo.a */,
			);
			name = Frameworks;
			sourceTree = "<group>";
		};
		E35422BB20906EFC00D9E3C9 /* ethers */ = {
			isa = PBXGroup;
			children = (
				E35422BC20906EFC00D9E3C9 /* ethers.h */,
				E35422BD20906EFC00D9E3C9 /* Info.plist */,
				E35422BE20906EFC00D9E3C9 /* ThirdParty */,
				E35422F520906EFC00D9E3C9 /* src */,
			);
			path = ethers;
			sourceTree = "<group>";
		};
		E35422BE20906EFC00D9E3C9 /* ThirdParty */ = {
			isa = PBXGroup;
			children = (
				E35423592090741C00D9E3C9 /* scrypt-1.1.6 */,
				E35422BF20906EFC00D9E3C9 /* BreadWallet */,
				E35422C120906EFC00D9E3C9 /* trezor-crypto */,
				E35422E720906EFC00D9E3C9 /* libtommath-1.0 */,
			);
			path = ThirdParty;
			sourceTree = "<group>";
		};
		E35422BF20906EFC00D9E3C9 /* BreadWallet */ = {
			isa = PBXGroup;
			children = (
				E35422C020906EFC00D9E3C9 /* ccMemory.h */,
			);
			path = BreadWallet;
			sourceTree = "<group>";
		};
		E35422C120906EFC00D9E3C9 /* trezor-crypto */ = {
			isa = PBXGroup;
			children = (
				E35422C220906EFC00D9E3C9 /* bip39.c */,
				E35422C320906EFC00D9E3C9 /* aeskey.c */,
				E35422C420906EFC00D9E3C9 /* hmac.c */,
				E35422C520906EFC00D9E3C9 /* ripemd160.h */,
				E35422C620906EFC00D9E3C9 /* sha2.c */,
				E35422C720906EFC00D9E3C9 /* rand.c */,
				E35422C820906EFC00D9E3C9 /* aestab.h */,
				E35422C920906EFC00D9E3C9 /* aescrypt.c */,
				E35422CA20906EFC00D9E3C9 /* base58.h */,
				E35422CB20906EFC00D9E3C9 /* aesopt.h */,
				E35422CC20906EFC00D9E3C9 /* sha3.h */,
				E35422CD20906EFC00D9E3C9 /* curves.c */,
				E35422CE20906EFC00D9E3C9 /* bip32.h */,
				E35422CF20906EFC00D9E3C9 /* secp256k1.c */,
				E35422D020906EFC00D9E3C9 /* ecdsa.h */,
				E35422D120906EFC00D9E3C9 /* aes_modes.c */,
				E35422D220906EFC00D9E3C9 /* pbkdf2.h */,
				E35422D320906EFC00D9E3C9 /* bignum.c */,
				E35422D420906EFC00D9E3C9 /* options.h */,
				E35422D520906EFC00D9E3C9 /* bip39_english.h */,
				E35422D620906EFC00D9E3C9 /* sha2.h */,
				E35422D720906EFC00D9E3C9 /* ripemd160.c */,
				E35422D820906EFC00D9E3C9 /* hmac.h */,
				E35422D920906EFC00D9E3C9 /* secp256k1.table */,
				E35422DA20906EFC00D9E3C9 /* bip39.h */,
				E35422DB20906EFC00D9E3C9 /* aes.h */,
				E35422DC20906EFC00D9E3C9 /* macros.h */,
				E35422DD20906EFC00D9E3C9 /* rand.h */,
				E35422DE20906EFC00D9E3C9 /* aestab.c */,
				E35422DF20906EFC00D9E3C9 /* bip32.c */,
				E35422E020906EFC00D9E3C9 /* curves.h */,
				E35422E120906EFC00D9E3C9 /* sha3.c */,
				E35422E220906EFC00D9E3C9 /* base58.c */,
				E35422E320906EFC00D9E3C9 /* bignum.h */,
				E35422E420906EFC00D9E3C9 /* ecdsa.c */,
				E35422E520906EFC00D9E3C9 /* pbkdf2.c */,
				E35422E620906EFC00D9E3C9 /* secp256k1.h */,
			);
			path = "trezor-crypto";
			sourceTree = "<group>";
		};
		E35422E720906EFC00D9E3C9 /* libtommath-1.0 */ = {
			isa = PBXGroup;
			children = (
				E35422E820906EFC00D9E3C9 /* tommath_private.h */,
				E35422E920906EFC00D9E3C9 /* tommath_class.h */,
				E35422EA20906EFC00D9E3C9 /* tommath_superclass.h */,
				E35422EB20906EFC00D9E3C9 /* tommath.h */,
				E35422EC20906EFC00D9E3C9 /* mpi.c */,
			);
			path = "libtommath-1.0";
			sourceTree = "<group>";
		};
		E35422F520906EFC00D9E3C9 /* src */ = {
			isa = PBXGroup;
			children = (
				E35422F620906EFC00D9E3C9 /* Hash.h */,
				E35422F720906EFC00D9E3C9 /* Payment.m */,
				E35422F820906EFC00D9E3C9 /* Address.m */,
				E35422F920906EFC00D9E3C9 /* TransactionInfo.m */,
				E35422FA20906EFC00D9E3C9 /* Signature.m */,
				E35422FB20906EFC00D9E3C9 /* Transaction.h */,
				E35422FC20906EFC00D9E3C9 /* BlockInfo.m */,
				E35422FD20906EFC00D9E3C9 /* Account.m */,
				E35422FE20906EFC00D9E3C9 /* Utilities */,
				E354230B20906EFC00D9E3C9 /* Payment.h */,
				E354230C20906EFC00D9E3C9 /* Hash.m */,
				E354230D20906EFC00D9E3C9 /* TransactionInfo.h */,
				E354230E20906EFC00D9E3C9 /* Providers */,
				E354232220906EFC00D9E3C9 /* Address.h */,
				E354232320906EFC00D9E3C9 /* Account.h */,
				E354232420906EFC00D9E3C9 /* BlockInfo.h */,
				E354232520906EFC00D9E3C9 /* Signature.h */,
				E354232620906EFC00D9E3C9 /* Transaction.m */,
			);
			path = src;
			sourceTree = "<group>";
		};
		E35422FE20906EFC00D9E3C9 /* Utilities */ = {
			isa = PBXGroup;
			children = (
				E35422FF20906EFC00D9E3C9 /* SecureData.h */,
				E354230020906EFC00D9E3C9 /* RLPSerialization.h */,
				E354230120906EFC00D9E3C9 /* Utilities.m */,
				E354230220906EFC00D9E3C9 /* BigNumber.h */,
				E354230320906EFC00D9E3C9 /* RegEx.h */,
				E354230420906EFC00D9E3C9 /* Promise.h */,
				E354230520906EFC00D9E3C9 /* Utilities.h */,
				E354230620906EFC00D9E3C9 /* SecureData.m */,
				E354230720906EFC00D9E3C9 /* RLPSerialization.m */,
				E354230820906EFC00D9E3C9 /* BigNumber.m */,
				E354230920906EFC00D9E3C9 /* Promise.m */,
				E354230A20906EFC00D9E3C9 /* RegEx.m */,
			);
			path = Utilities;
			sourceTree = "<group>";
		};
		E354230E20906EFC00D9E3C9 /* Providers */ = {
			isa = PBXGroup;
			children = (
				E354230F20906EFC00D9E3C9 /* FallbackProvider.m */,
				E354231020906EFC00D9E3C9 /* Provider.m */,
				E354231120906EFC00D9E3C9 /* RoundRobinProvider.h */,
				E354231320906EFC00D9E3C9 /* FallbackProvider.h */,
				E354231420906EFC00D9E3C9 /* Provider.h */,
				E354231620906EFC00D9E3C9 /* ApiProviders */,
				E354232120906EFC00D9E3C9 /* RoundRobinProvider.m */,
			);
			path = Providers;
			sourceTree = "<group>";
		};
		E354231620906EFC00D9E3C9 /* ApiProviders */ = {
			isa = PBXGroup;
			children = (
				E354231720906EFC00D9E3C9 /* ApiProvider.h */,
				E354231820906EFC00D9E3C9 /* JsonRpcProvider.h */,
				E354231920906EFC00D9E3C9 /* EtherscanProvider.m */,
				E354231A20906EFC00D9E3C9 /* EtherchainProvider.h */,
				E354231B20906EFC00D9E3C9 /* InfuraProvider.m */,
				E354231C20906EFC00D9E3C9 /* ApiProvider.m */,
				E354231D20906EFC00D9E3C9 /* EtherscanProvider.h */,
				E354231E20906EFC00D9E3C9 /* JsonRpcProvider.m */,
				E354231F20906EFC00D9E3C9 /* InfuraProvider.h */,
				E354232020906EFC00D9E3C9 /* EtherchainProvider.m */,
			);
			path = ApiProviders;
			sourceTree = "<group>";
		};
		E35423592090741C00D9E3C9 /* scrypt-1.1.6 */ = {
			isa = PBXGroup;
			children = (
				E354235A2090741C00D9E3C9 /* scrypt_sha256.h */,
				E354235B2090741C00D9E3C9 /* crypto_scrypt.h */,
				E354235C2090741C00D9E3C9 /* sysendian.h */,
				E354235D2090741C00D9E3C9 /* scrypt_sha256.c */,
				E354235F2090741C00D9E3C9 /* crypto_scrypt-ref.c */,
			);
			path = "scrypt-1.1.6";
			sourceTree = "<group>";
		};
		E7716ABF208833E100A3A0EF = {
			isa = PBXGroup;
			children = (
				E7716ACA208833E100A3A0EF /* CYLAppBaseFrameWork-Demo */,
				E7716AC9208833E100A3A0EF /* Products */,
				1568014D9397D84D16BED357 /* Pods */,
				B5D56BE5733C1DE26B2E7511 /* Frameworks */,
			);
			sourceTree = "<group>";
		};
		E7716AC9208833E100A3A0EF /* Products */ = {
			isa = PBXGroup;
			children = (
				E7716AC8208833E100A3A0EF /* CYLAppBaseFrameWork-Demo.app */,
			);
			name = Products;
			sourceTree = "<group>";
		};
		E7716ACA208833E100A3A0EF /* CYLAppBaseFrameWork-Demo */ = {
			isa = PBXGroup;
			children = (
				E35422BB20906EFC00D9E3C9 /* ethers */,
				E797921E2088704800538641 /* CYLAppBaseFrameWork.framework */,
				E7716ACB208833E100A3A0EF /* AppDelegate.h */,
				E7716ACC208833E100A3A0EF /* AppDelegate.m */,
				E7716ACE208833E100A3A0EF /* ViewController.h */,
				E7716ACF208833E100A3A0EF /* ViewController.m */,
				E7716AD1208833E100A3A0EF /* Main.storyboard */,
				E7716AD4208833E100A3A0EF /* Assets.xcassets */,
				E7716AD6208833E100A3A0EF /* LaunchScreen.storyboard */,
				E7716AD9208833E100A3A0EF /* Info.plist */,
				E7716ADA208833E100A3A0EF /* main.m */,
			);
			path = "CYLAppBaseFrameWork-Demo";
			sourceTree = "<group>";
		};
/* End PBXGroup section */

/* Begin PBXNativeTarget section */
		E7716AC7208833E100A3A0EF /* CYLAppBaseFrameWork-Demo */ = {
			isa = PBXNativeTarget;
			buildConfigurationList = E7716ADE208833E100A3A0EF /* Build configuration list for PBXNativeTarget "CYLAppBaseFrameWork-Demo" */;
			buildPhases = (
				EB2FBDEFD03B962C6956B795 /* [CP] Check Pods Manifest.lock */,
				E7716AC4208833E100A3A0EF /* Sources */,
				E7716AC5208833E100A3A0EF /* Frameworks */,
				E7716AC6208833E100A3A0EF /* Resources */,
				9C78A6F746B0CBFCE9B00F2F /* [CP] Embed Pods Frameworks */,
				691206ECBF150C44B3DF6C9D /* [CP] Copy Pods Resources */,
			);
			buildRules = (
			);
			dependencies = (
			);
			name = "CYLAppBaseFrameWork-Demo";
			productName = "CYLAppBaseFrameWork-Demo";
			productReference = E7716AC8208833E100A3A0EF /* CYLAppBaseFrameWork-Demo.app */;
			productType = "com.apple.product-type.application";
		};
/* End PBXNativeTarget section */

/* Begin PBXProject section */
		E7716AC0208833E100A3A0EF /* Project object */ = {
			isa = PBXProject;
			attributes = {
				LastUpgradeCheck = 0920;
				ORGANIZATIONNAME = "yulin chi";
				TargetAttributes = {
					E7716AC7208833E100A3A0EF = {
						CreatedOnToolsVersion = 9.2;
						ProvisioningStyle = Automatic;
					};
				};
			};
			buildConfigurationList = E7716AC3208833E100A3A0EF /* Build configuration list for PBXProject "CYLAppBaseFrameWork-Demo" */;
			compatibilityVersion = "Xcode 8.0";
			developmentRegion = en;
			hasScannedForEncodings = 0;
			knownRegions = (
				en,
				Base,
			);
			mainGroup = E7716ABF208833E100A3A0EF;
			productRefGroup = E7716AC9208833E100A3A0EF /* Products */;
			projectDirPath = "";
			projectRoot = "";
			targets = (
				E7716AC7208833E100A3A0EF /* CYLAppBaseFrameWork-Demo */,
			);
		};
/* End PBXProject section */

/* Begin PBXResourcesBuildPhase section */
		E7716AC6208833E100A3A0EF /* Resources */ = {
			isa = PBXResourcesBuildPhase;
			buildActionMask = 2147483647;
			files = (
				E354232720906EFC00D9E3C9 /* Info.plist in Resources */,
				E354233320906EFC00D9E3C9 /* secp256k1.table in Resources */,
				E7716AD8208833E100A3A0EF /* LaunchScreen.storyboard in Resources */,
				E7716AD5208833E100A3A0EF /* Assets.xcassets in Resources */,
				E7716AD3208833E100A3A0EF /* Main.storyboard in Resources */,
			);
			runOnlyForDeploymentPostprocessing = 0;
		};
/* End PBXResourcesBuildPhase section */

/* Begin PBXShellScriptBuildPhase section */
		691206ECBF150C44B3DF6C9D /* [CP] Copy Pods Resources */ = {
			isa = PBXShellScriptBuildPhase;
			buildActionMask = 2147483647;
			files = (
			);
			inputPaths = (
			);
			name = "[CP] Copy Pods Resources";
			outputPaths = (
			);
			runOnlyForDeploymentPostprocessing = 0;
			shellPath = /bin/sh;
			shellScript = "\"${SRCROOT}/Pods/Target Support Files/Pods-CYLAppBaseFrameWork-Demo/Pods-CYLAppBaseFrameWork-Demo-resources.sh\"\n";
			showEnvVarsInLog = 0;
		};
		9C78A6F746B0CBFCE9B00F2F /* [CP] Embed Pods Frameworks */ = {
			isa = PBXShellScriptBuildPhase;
			buildActionMask = 2147483647;
			files = (
			);
			inputPaths = (
			);
			name = "[CP] Embed Pods Frameworks";
			outputPaths = (
			);
			runOnlyForDeploymentPostprocessing = 0;
			shellPath = /bin/sh;
			shellScript = "\"${SRCROOT}/Pods/Target Support Files/Pods-CYLAppBaseFrameWork-Demo/Pods-CYLAppBaseFrameWork-Demo-frameworks.sh\"\n";
			showEnvVarsInLog = 0;
		};
		EB2FBDEFD03B962C6956B795 /* [CP] Check Pods Manifest.lock */ = {
			isa = PBXShellScriptBuildPhase;
			buildActionMask = 2147483647;
			files = (
			);
			inputPaths = (
				"${PODS_PODFILE_DIR_PATH}/Podfile.lock",
				"${PODS_ROOT}/Manifest.lock",
			);
			name = "[CP] Check Pods Manifest.lock";
			outputPaths = (
				"$(DERIVED_FILE_DIR)/Pods-CYLAppBaseFrameWork-Demo-checkManifestLockResult.txt",
			);
			runOnlyForDeploymentPostprocessing = 0;
			shellPath = /bin/sh;
			shellScript = "diff \"${PODS_PODFILE_DIR_PATH}/Podfile.lock\" \"${PODS_ROOT}/Manifest.lock\" > /dev/null\nif [ $? != 0 ] ; then\n    # print error to STDERR\n    echo \"error: The sandbox is not in sync with the Podfile.lock. Run 'pod install' or update your CocoaPods installation.\" >&2\n    exit 1\nfi\n# This output is used by Xcode 'outputs' to avoid re-running this script phase.\necho \"SUCCESS\" > \"${SCRIPT_OUTPUT_FILE_0}\"\n";
			showEnvVarsInLog = 0;
		};
/* End PBXShellScriptBuildPhase section */

/* Begin PBXSourcesBuildPhase section */
		E7716AC4208833E100A3A0EF /* Sources */ = {
			isa = PBXSourcesBuildPhase;
			buildActionMask = 2147483647;
			files = (
				E354234D20906EFC00D9E3C9 /* Provider.m in Sources */,
				E354233A20906EFC00D9E3C9 /* mpi.c in Sources */,
				E354234520906EFC00D9E3C9 /* Utilities.m in Sources */,
				E354234920906EFC00D9E3C9 /* Promise.m in Sources */,
				E354234220906EFC00D9E3C9 /* Signature.m in Sources */,
				E354234120906EFC00D9E3C9 /* TransactionInfo.m in Sources */,
				E354232A20906EFC00D9E3C9 /* hmac.c in Sources */,
				E35423632090741C00D9E3C9 /* crypto_scrypt-ref.c in Sources */,
				E354233420906EFC00D9E3C9 /* aestab.c in Sources */,
				E354233F20906EFC00D9E3C9 /* Payment.m in Sources */,
				E354235220906EFC00D9E3C9 /* JsonRpcProvider.m in Sources */,
				E354234820906EFC00D9E3C9 /* BigNumber.m in Sources */,
				E354235320906EFC00D9E3C9 /* EtherchainProvider.m in Sources */,
				E354234B20906EFC00D9E3C9 /* Hash.m in Sources */,
				E35423612090741C00D9E3C9 /* scrypt_sha256.c in Sources */,
				E354233920906EFC00D9E3C9 /* pbkdf2.c in Sources */,
				E354234420906EFC00D9E3C9 /* Account.m in Sources */,
				E354234320906EFC00D9E3C9 /* BlockInfo.m in Sources */,
				E354232F20906EFC00D9E3C9 /* secp256k1.c in Sources */,
				E354234720906EFC00D9E3C9 /* RLPSerialization.m in Sources */,
				E354232E20906EFC00D9E3C9 /* curves.c in Sources */,
				E354234020906EFC00D9E3C9 /* Address.m in Sources */,
				E7716AD0208833E100A3A0EF /* ViewController.m in Sources */,
				E354234F20906EFC00D9E3C9 /* EtherscanProvider.m in Sources */,
				E354233720906EFC00D9E3C9 /* base58.c in Sources */,
				E354234A20906EFC00D9E3C9 /* RegEx.m in Sources */,
				E354233220906EFC00D9E3C9 /* ripemd160.c in Sources */,
				E354233020906EFC00D9E3C9 /* aes_modes.c in Sources */,
				E7716ADB208833E100A3A0EF /* main.m in Sources */,
				E354235520906EFC00D9E3C9 /* Transaction.m in Sources */,
				E354233520906EFC00D9E3C9 /* bip32.c in Sources */,
				E7716ACD208833E100A3A0EF /* AppDelegate.m in Sources */,
				E354232C20906EFC00D9E3C9 /* rand.c in Sources */,
				E354232820906EFC00D9E3C9 /* bip39.c in Sources */,
				E354235420906EFC00D9E3C9 /* RoundRobinProvider.m in Sources */,
				E354235120906EFC00D9E3C9 /* ApiProvider.m in Sources */,
				E354232B20906EFC00D9E3C9 /* sha2.c in Sources */,
				E354233620906EFC00D9E3C9 /* sha3.c in Sources */,
				E354232D20906EFC00D9E3C9 /* aescrypt.c in Sources */,
				E354232920906EFC00D9E3C9 /* aeskey.c in Sources */,
				E354235020906EFC00D9E3C9 /* InfuraProvider.m in Sources */,
				E354234620906EFC00D9E3C9 /* SecureData.m in Sources */,
				E354234C20906EFC00D9E3C9 /* FallbackProvider.m in Sources */,
				E354233120906EFC00D9E3C9 /* bignum.c in Sources */,
				E354233820906EFC00D9E3C9 /* ecdsa.c in Sources */,
			);
			runOnlyForDeploymentPostprocessing = 0;
		};
/* End PBXSourcesBuildPhase section */

/* Begin PBXVariantGroup section */
		E7716AD1208833E100A3A0EF /* Main.storyboard */ = {
			isa = PBXVariantGroup;
			children = (
				E7716AD2208833E100A3A0EF /* Base */,
			);
			name = Main.storyboard;
			sourceTree = "<group>";
		};
		E7716AD6208833E100A3A0EF /* LaunchScreen.storyboard */ = {
			isa = PBXVariantGroup;
			children = (
				E7716AD7208833E100A3A0EF /* Base */,
			);
			name = LaunchScreen.storyboard;
			sourceTree = "<group>";
		};
/* End PBXVariantGroup section */

/* Begin XCBuildConfiguration section */
		E7716ADC208833E100A3A0EF /* Debug */ = {
			isa = XCBuildConfiguration;
			buildSettings = {
				ALWAYS_SEARCH_USER_PATHS = NO;
				CLANG_ANALYZER_NONNULL = YES;
				CLANG_ANALYZER_NUMBER_OBJECT_CONVERSION = YES_AGGRESSIVE;
				CLANG_CXX_LANGUAGE_STANDARD = "gnu++14";
				CLANG_CXX_LIBRARY = "libc++";
				CLANG_ENABLE_MODULES = YES;
				CLANG_ENABLE_OBJC_ARC = YES;
				CLANG_WARN_BLOCK_CAPTURE_AUTORELEASING = YES;
				CLANG_WARN_BOOL_CONVERSION = YES;
				CLANG_WARN_COMMA = YES;
				CLANG_WARN_CONSTANT_CONVERSION = YES;
				CLANG_WARN_DIRECT_OBJC_ISA_USAGE = YES_ERROR;
				CLANG_WARN_DOCUMENTATION_COMMENTS = YES;
				CLANG_WARN_EMPTY_BODY = YES;
				CLANG_WARN_ENUM_CONVERSION = YES;
				CLANG_WARN_INFINITE_RECURSION = YES;
				CLANG_WARN_INT_CONVERSION = YES;
				CLANG_WARN_NON_LITERAL_NULL_CONVERSION = YES;
				CLANG_WARN_OBJC_LITERAL_CONVERSION = YES;
				CLANG_WARN_OBJC_ROOT_CLASS = YES_ERROR;
				CLANG_WARN_RANGE_LOOP_ANALYSIS = YES;
				CLANG_WARN_STRICT_PROTOTYPES = YES;
				CLANG_WARN_SUSPICIOUS_MOVE = YES;
				CLANG_WARN_UNGUARDED_AVAILABILITY = YES_AGGRESSIVE;
				CLANG_WARN_UNREACHABLE_CODE = YES;
				CLANG_WARN__DUPLICATE_METHOD_MATCH = YES;
				CODE_SIGN_IDENTITY = "iPhone Developer";
				COPY_PHASE_STRIP = NO;
				DEBUG_INFORMATION_FORMAT = dwarf;
				ENABLE_STRICT_OBJC_MSGSEND = YES;
				ENABLE_TESTABILITY = YES;
				GCC_C_LANGUAGE_STANDARD = gnu11;
				GCC_DYNAMIC_NO_PIC = NO;
				GCC_NO_COMMON_BLOCKS = YES;
				GCC_OPTIMIZATION_LEVEL = 0;
				GCC_PREPROCESSOR_DEFINITIONS = (
					"DEBUG=1",
					"$(inherited)",
				);
				GCC_WARN_64_TO_32_BIT_CONVERSION = YES;
				GCC_WARN_ABOUT_RETURN_TYPE = YES_ERROR;
				GCC_WARN_UNDECLARED_SELECTOR = YES;
				GCC_WARN_UNINITIALIZED_AUTOS = YES_AGGRESSIVE;
				GCC_WARN_UNUSED_FUNCTION = YES;
				GCC_WARN_UNUSED_VARIABLE = YES;
				IPHONEOS_DEPLOYMENT_TARGET = 11.2;
				MTL_ENABLE_DEBUG_INFO = YES;
				ONLY_ACTIVE_ARCH = YES;
				SDKROOT = iphoneos;
			};
			name = Debug;
		};
		E7716ADD208833E100A3A0EF /* Release */ = {
			isa = XCBuildConfiguration;
			buildSettings = {
				ALWAYS_SEARCH_USER_PATHS = NO;
				CLANG_ANALYZER_NONNULL = YES;
				CLANG_ANALYZER_NUMBER_OBJECT_CONVERSION = YES_AGGRESSIVE;
				CLANG_CXX_LANGUAGE_STANDARD = "gnu++14";
				CLANG_CXX_LIBRARY = "libc++";
				CLANG_ENABLE_MODULES = YES;
				CLANG_ENABLE_OBJC_ARC = YES;
				CLANG_WARN_BLOCK_CAPTURE_AUTORELEASING = YES;
				CLANG_WARN_BOOL_CONVERSION = YES;
				CLANG_WARN_COMMA = YES;
				CLANG_WARN_CONSTANT_CONVERSION = YES;
				CLANG_WARN_DIRECT_OBJC_ISA_USAGE = YES_ERROR;
				CLANG_WARN_DOCUMENTATION_COMMENTS = YES;
				CLANG_WARN_EMPTY_BODY = YES;
				CLANG_WARN_ENUM_CONVERSION = YES;
				CLANG_WARN_INFINITE_RECURSION = YES;
				CLANG_WARN_INT_CONVERSION = YES;
				CLANG_WARN_NON_LITERAL_NULL_CONVERSION = YES;
				CLANG_WARN_OBJC_LITERAL_CONVERSION = YES;
				CLANG_WARN_OBJC_ROOT_CLASS = YES_ERROR;
				CLANG_WARN_RANGE_LOOP_ANALYSIS = YES;
				CLANG_WARN_STRICT_PROTOTYPES = YES;
				CLANG_WARN_SUSPICIOUS_MOVE = YES;
				CLANG_WARN_UNGUARDED_AVAILABILITY = YES_AGGRESSIVE;
				CLANG_WARN_UNREACHABLE_CODE = YES;
				CLANG_WARN__DUPLICATE_METHOD_MATCH = YES;
				CODE_SIGN_IDENTITY = "iPhone Developer";
				COPY_PHASE_STRIP = NO;
				DEBUG_INFORMATION_FORMAT = "dwarf-with-dsym";
				ENABLE_NS_ASSERTIONS = NO;
				ENABLE_STRICT_OBJC_MSGSEND = YES;
				GCC_C_LANGUAGE_STANDARD = gnu11;
				GCC_NO_COMMON_BLOCKS = YES;
				GCC_WARN_64_TO_32_BIT_CONVERSION = YES;
				GCC_WARN_ABOUT_RETURN_TYPE = YES_ERROR;
				GCC_WARN_UNDECLARED_SELECTOR = YES;
				GCC_WARN_UNINITIALIZED_AUTOS = YES_AGGRESSIVE;
				GCC_WARN_UNUSED_FUNCTION = YES;
				GCC_WARN_UNUSED_VARIABLE = YES;
				IPHONEOS_DEPLOYMENT_TARGET = 11.2;
				MTL_ENABLE_DEBUG_INFO = NO;
				SDKROOT = iphoneos;
				VALIDATE_PRODUCT = YES;
			};
			name = Release;
		};
		E7716ADF208833E100A3A0EF /* Debug */ = {
			isa = XCBuildConfiguration;
			baseConfigurationReference = 094D1B83C4297D02ABD0D014 /* Pods-CYLAppBaseFrameWork-Demo.debug.xcconfig */;
			buildSettings = {
				ASSETCATALOG_COMPILER_APPICON_NAME = AppIcon;
				CODE_SIGN_STYLE = Automatic;
				DEVELOPMENT_TEAM = WNNZLJCCS5;
				FRAMEWORK_SEARCH_PATHS = (
					"$(inherited)",
					"$(PROJECT_DIR)/CYLAppBaseFrameWork-Demo",
					"$(PROJECT_DIR)/CYLAppBaseFrameWork/Products",
				);
				INFOPLIST_FILE = "CYLAppBaseFrameWork-Demo/Info.plist";
				LD_RUNPATH_SEARCH_PATHS = "$(inherited) @executable_path/Frameworks";
				LIBRARY_SEARCH_PATHS = (
					"$(inherited)",
					"$(PROJECT_DIR)/CYLAppBaseFrameWork-Demo",
				);
				PRODUCT_BUNDLE_IDENTIFIER = "com.chinapex.demo.CYLAppBaseFrameWork-Demo";
				PRODUCT_NAME = "$(TARGET_NAME)";
				TARGETED_DEVICE_FAMILY = "1,2";
				USER_HEADER_SEARCH_PATHS = "$(BUILT_PRODUCTS_DIR)";
			};
			name = Debug;
		};
		E7716AE0208833E100A3A0EF /* Release */ = {
			isa = XCBuildConfiguration;
			baseConfigurationReference = 9B8441AE223EDFC83038BD90 /* Pods-CYLAppBaseFrameWork-Demo.release.xcconfig */;
			buildSettings = {
				ASSETCATALOG_COMPILER_APPICON_NAME = AppIcon;
				CODE_SIGN_STYLE = Automatic;
				DEVELOPMENT_TEAM = WNNZLJCCS5;
				FRAMEWORK_SEARCH_PATHS = (
					"$(inherited)",
					"$(PROJECT_DIR)/CYLAppBaseFrameWork-Demo",
					"$(PROJECT_DIR)/CYLAppBaseFrameWork/Products",
				);
				INFOPLIST_FILE = "CYLAppBaseFrameWork-Demo/Info.plist";
				LD_RUNPATH_SEARCH_PATHS = "$(inherited) @executable_path/Frameworks";
				LIBRARY_SEARCH_PATHS = (
					"$(inherited)",
					"$(PROJECT_DIR)/CYLAppBaseFrameWork-Demo",
				);
				PRODUCT_BUNDLE_IDENTIFIER = "com.chinapex.demo.CYLAppBaseFrameWork-Demo";
				PRODUCT_NAME = "$(TARGET_NAME)";
				TARGETED_DEVICE_FAMILY = "1,2";
				USER_HEADER_SEARCH_PATHS = "$(BUILT_PRODUCTS_DIR)";
			};
			name = Release;
		};
/* End XCBuildConfiguration section */

/* Begin XCConfigurationList section */
		E7716AC3208833E100A3A0EF /* Build configuration list for PBXProject "CYLAppBaseFrameWork-Demo" */ = {
			isa = XCConfigurationList;
			buildConfigurations = (
				E7716ADC208833E100A3A0EF /* Debug */,
				E7716ADD208833E100A3A0EF /* Release */,
			);
			defaultConfigurationIsVisible = 0;
			defaultConfigurationName = Release;
		};
		E7716ADE208833E100A3A0EF /* Build configuration list for PBXNativeTarget "CYLAppBaseFrameWork-Demo" */ = {
			isa = XCConfigurationList;
			buildConfigurations = (
				E7716ADF208833E100A3A0EF /* Debug */,
				E7716AE0208833E100A3A0EF /* Release */,
			);
			defaultConfigurationIsVisible = 0;
			defaultConfigurationName = Release;
		};
/* End XCConfigurationList section */
	};
	rootObject = E7716AC0208833E100A3A0EF /* Project object */;
}
