// !$*UTF8*$!
{
	archiveVersion = 1;
	classes = {
	};
	objectVersion = 48;
	objects = {

/* Begin PBXBuildFile section */
		514F23339366777DFDC74D87 /* libPods-CYLAppBaseFrameWork.a in Frameworks */ = {isa = PBXBuildFile; fileRef = B1BEF2B68741C6F23094A7DC /* libPods-CYLAppBaseFrameWork.a */; };
		E367F75820843CC00058FB4A /* CYLAppBaseFrameWork.h in Headers */ = {isa = PBXBuildFile; fileRef = E367F75620843CC00058FB4A /* CYLAppBaseFrameWork.h */; settings = {ATTRIBUTES = (Public, ); }; };
		E367F76D20843EF20058FB4A /* CYLApiBaseManager.m in Sources */ = {isa = PBXBuildFile; fileRef = E367F76020843EF20058FB4A /* CYLApiBaseManager.m */; };
		E367F76E20843EF20058FB4A /* ReformerProtocol.h in Headers */ = {isa = PBXBuildFile; fileRef = E367F76120843EF20058FB4A /* ReformerProtocol.h */; };
		E367F76F20843EF20058FB4A /* CYLApiBaseManager.h in Headers */ = {isa = PBXBuildFile; fileRef = E367F76220843EF20058FB4A /* CYLApiBaseManager.h */; };
		E367F77020843EF20058FB4A /* CYLResponse.m in Sources */ = {isa = PBXBuildFile; fileRef = E367F76420843EF20058FB4A /* CYLResponse.m */; };
		E367F77120843EF20058FB4A /* CYLNetWorkManager.h in Headers */ = {isa = PBXBuildFile; fileRef = E367F76520843EF20058FB4A /* CYLNetWorkManager.h */; };
		E367F77220843EF20058FB4A /* CYLNetworkConfigration.m in Sources */ = {isa = PBXBuildFile; fileRef = E367F76620843EF20058FB4A /* CYLNetworkConfigration.m */; };
		E367F77320843EF20058FB4A /* Constant.h in Headers */ = {isa = PBXBuildFile; fileRef = E367F76720843EF20058FB4A /* Constant.h */; };
		E367F77420843EF20058FB4A /* CYLNetWorkCache.h in Headers */ = {isa = PBXBuildFile; fileRef = E367F76820843EF20058FB4A /* CYLNetWorkCache.h */; };
		E367F77520843EF20058FB4A /* CYLNetworkConfigration.h in Headers */ = {isa = PBXBuildFile; fileRef = E367F76920843EF20058FB4A /* CYLNetworkConfigration.h */; };
		E367F77620843EF20058FB4A /* CYLNetWorkManager.m in Sources */ = {isa = PBXBuildFile; fileRef = E367F76A20843EF20058FB4A /* CYLNetWorkManager.m */; };
		E367F77720843EF20058FB4A /* CYLResponse.h in Headers */ = {isa = PBXBuildFile; fileRef = E367F76B20843EF20058FB4A /* CYLResponse.h */; };
		E367F77820843EF20058FB4A /* CYLNetWorkCache.m in Sources */ = {isa = PBXBuildFile; fileRef = E367F76C20843EF20058FB4A /* CYLNetWorkCache.m */; };
		E367F77E20843EFC0058FB4A /* LSFileAssistant.m in Sources */ = {isa = PBXBuildFile; fileRef = E367F77A20843EFC0058FB4A /* LSFileAssistant.m */; };
		E367F77F20843EFC0058FB4A /* TKFileManager.m in Sources */ = {isa = PBXBuildFile; fileRef = E367F77B20843EFC0058FB4A /* TKFileManager.m */; };
		E367F78020843EFC0058FB4A /* LSFileAssistant.h in Headers */ = {isa = PBXBuildFile; fileRef = E367F77C20843EFC0058FB4A /* LSFileAssistant.h */; };
		E367F78120843EFC0058FB4A /* TKFileManager.h in Headers */ = {isa = PBXBuildFile; fileRef = E367F77D20843EFC0058FB4A /* TKFileManager.h */; };
		E367F789208440210058FB4A /* CYLWebViewController.m in Sources */ = {isa = PBXBuildFile; fileRef = E367F783208440210058FB4A /* CYLWebViewController.m */; };
		E367F78A208440210058FB4A /* CYLWebHandle.h in Headers */ = {isa = PBXBuildFile; fileRef = E367F784208440210058FB4A /* CYLWebHandle.h */; };
		E367F78B208440210058FB4A /* CYLWebView.h in Headers */ = {isa = PBXBuildFile; fileRef = E367F785208440210058FB4A /* CYLWebView.h */; };
		E367F78C208440210058FB4A /* CYLWebViewController.h in Headers */ = {isa = PBXBuildFile; fileRef = E367F786208440210058FB4A /* CYLWebViewController.h */; };
		E367F78D208440210058FB4A /* CYLWebHandle.m in Sources */ = {isa = PBXBuildFile; fileRef = E367F787208440210058FB4A /* CYLWebHandle.m */; };
		E367F78E208440210058FB4A /* CYLWebView.m in Sources */ = {isa = PBXBuildFile; fileRef = E367F788208440210058FB4A /* CYLWebView.m */; };
		E367F7A2208449E90058FB4A /* Animator.m in Sources */ = {isa = PBXBuildFile; fileRef = E367F792208449E90058FB4A /* Animator.m */; };
		E367F7A3208449E90058FB4A /* Animator.h in Headers */ = {isa = PBXBuildFile; fileRef = E367F793208449E90058FB4A /* Animator.h */; };
		E367F7A4208449E90058FB4A /* CYLRefreshFooter.m in Sources */ = {isa = PBXBuildFile; fileRef = E367F794208449E90058FB4A /* CYLRefreshFooter.m */; };
		E367F7A5208449E90058FB4A /* CYLRefershHeader.m in Sources */ = {isa = PBXBuildFile; fileRef = E367F795208449E90058FB4A /* CYLRefershHeader.m */; };
		E367F7A6208449E90058FB4A /* UIView+MJExtension.m in Sources */ = {isa = PBXBuildFile; fileRef = E367F796208449E90058FB4A /* UIView+MJExtension.m */; };
		E367F7A7208449E90058FB4A /* CYLRefereshConstant.h in Headers */ = {isa = PBXBuildFile; fileRef = E367F797208449E90058FB4A /* CYLRefereshConstant.h */; };
		E367F7A8208449E90058FB4A /* UIScrollView+Refresh.h in Headers */ = {isa = PBXBuildFile; fileRef = E367F798208449E90058FB4A /* UIScrollView+Refresh.h */; };
		E367F7A9208449E90058FB4A /* CYLRefereshTool.h in Headers */ = {isa = PBXBuildFile; fileRef = E367F799208449E90058FB4A /* CYLRefereshTool.h */; };
		E367F7AA208449E90058FB4A /* CYLRefereshBaseView.h in Headers */ = {isa = PBXBuildFile; fileRef = E367F79A208449E90058FB4A /* CYLRefereshBaseView.h */; };
		E367F7AB208449E90058FB4A /* CYLRefershHeader.h in Headers */ = {isa = PBXBuildFile; fileRef = E367F79B208449E90058FB4A /* CYLRefershHeader.h */; };
		E367F7AC208449E90058FB4A /* CYLRefreshFooter.h in Headers */ = {isa = PBXBuildFile; fileRef = E367F79C208449E90058FB4A /* CYLRefreshFooter.h */; };
		E367F7AD208449E90058FB4A /* CYLRefereshBaseView.m in Sources */ = {isa = PBXBuildFile; fileRef = E367F79D208449E90058FB4A /* CYLRefereshBaseView.m */; };
		E367F7AE208449E90058FB4A /* CYLRefereshTool.m in Sources */ = {isa = PBXBuildFile; fileRef = E367F79E208449E90058FB4A /* CYLRefereshTool.m */; };
		E367F7AF208449E90058FB4A /* UIScrollView+Refresh.m in Sources */ = {isa = PBXBuildFile; fileRef = E367F79F208449E90058FB4A /* UIScrollView+Refresh.m */; };
		E367F7B0208449E90058FB4A /* CYLRefereshConstant.m in Sources */ = {isa = PBXBuildFile; fileRef = E367F7A0208449E90058FB4A /* CYLRefereshConstant.m */; };
		E367F7B1208449E90058FB4A /* UIView+MJExtension.h in Headers */ = {isa = PBXBuildFile; fileRef = E367F7A1208449E90058FB4A /* UIView+MJExtension.h */; };
/* End PBXBuildFile section */

/* Begin PBXFileReference section */
		4181406B70A0C613BC44D313 /* Pods-CYLAppBaseFrameWork.debug.xcconfig */ = {isa = PBXFileReference; includeInIndex = 1; lastKnownFileType = text.xcconfig; name = "Pods-CYLAppBaseFrameWork.debug.xcconfig"; path = "Pods/Target Support Files/Pods-CYLAppBaseFrameWork/Pods-CYLAppBaseFrameWork.debug.xcconfig"; sourceTree = "<group>"; };
		789F4A85B7A5ACB881A5A01C /* Pods-CYLAppBaseFrameWork.release.xcconfig */ = {isa = PBXFileReference; includeInIndex = 1; lastKnownFileType = text.xcconfig; name = "Pods-CYLAppBaseFrameWork.release.xcconfig"; path = "Pods/Target Support Files/Pods-CYLAppBaseFrameWork/Pods-CYLAppBaseFrameWork.release.xcconfig"; sourceTree = "<group>"; };
		B1BEF2B68741C6F23094A7DC /* libPods-CYLAppBaseFrameWork.a */ = {isa = PBXFileReference; explicitFileType = archive.ar; includeInIndex = 0; path = "libPods-CYLAppBaseFrameWork.a"; sourceTree = BUILT_PRODUCTS_DIR; };
		E367F75320843CC00058FB4A /* CYLAppBaseFrameWork.framework */ = {isa = PBXFileReference; explicitFileType = wrapper.framework; includeInIndex = 0; path = CYLAppBaseFrameWork.framework; sourceTree = BUILT_PRODUCTS_DIR; };
		E367F75620843CC00058FB4A /* CYLAppBaseFrameWork.h */ = {isa = PBXFileReference; lastKnownFileType = sourcecode.c.h; path = CYLAppBaseFrameWork.h; sourceTree = "<group>"; };
		E367F75720843CC00058FB4A /* Info.plist */ = {isa = PBXFileReference; lastKnownFileType = text.plist.xml; path = Info.plist; sourceTree = "<group>"; };
		E367F76020843EF20058FB4A /* CYLApiBaseManager.m */ = {isa = PBXFileReference; fileEncoding = 4; lastKnownFileType = sourcecode.c.objc; path = CYLApiBaseManager.m; sourceTree = "<group>"; };
		E367F76120843EF20058FB4A /* ReformerProtocol.h */ = {isa = PBXFileReference; fileEncoding = 4; lastKnownFileType = sourcecode.c.h; path = ReformerProtocol.h; sourceTree = "<group>"; };
		E367F76220843EF20058FB4A /* CYLApiBaseManager.h */ = {isa = PBXFileReference; fileEncoding = 4; lastKnownFileType = sourcecode.c.h; path = CYLApiBaseManager.h; sourceTree = "<group>"; };
		E367F76420843EF20058FB4A /* CYLResponse.m */ = {isa = PBXFileReference; fileEncoding = 4; lastKnownFileType = sourcecode.c.objc; path = CYLResponse.m; sourceTree = "<group>"; };
		E367F76520843EF20058FB4A /* CYLNetWorkManager.h */ = {isa = PBXFileReference; fileEncoding = 4; lastKnownFileType = sourcecode.c.h; path = CYLNetWorkManager.h; sourceTree = "<group>"; };
		E367F76620843EF20058FB4A /* CYLNetworkConfigration.m */ = {isa = PBXFileReference; fileEncoding = 4; lastKnownFileType = sourcecode.c.objc; path = CYLNetworkConfigration.m; sourceTree = "<group>"; };
		E367F76720843EF20058FB4A /* Constant.h */ = {isa = PBXFileReference; fileEncoding = 4; lastKnownFileType = sourcecode.c.h; path = Constant.h; sourceTree = "<group>"; };
		E367F76820843EF20058FB4A /* CYLNetWorkCache.h */ = {isa = PBXFileReference; fileEncoding = 4; lastKnownFileType = sourcecode.c.h; path = CYLNetWorkCache.h; sourceTree = "<group>"; };
		E367F76920843EF20058FB4A /* CYLNetworkConfigration.h */ = {isa = PBXFileReference; fileEncoding = 4; lastKnownFileType = sourcecode.c.h; path = CYLNetworkConfigration.h; sourceTree = "<group>"; };
		E367F76A20843EF20058FB4A /* CYLNetWorkManager.m */ = {isa = PBXFileReference; fileEncoding = 4; lastKnownFileType = sourcecode.c.objc; path = CYLNetWorkManager.m; sourceTree = "<group>"; };
		E367F76B20843EF20058FB4A /* CYLResponse.h */ = {isa = PBXFileReference; fileEncoding = 4; lastKnownFileType = sourcecode.c.h; path = CYLResponse.h; sourceTree = "<group>"; };
		E367F76C20843EF20058FB4A /* CYLNetWorkCache.m */ = {isa = PBXFileReference; fileEncoding = 4; lastKnownFileType = sourcecode.c.objc; path = CYLNetWorkCache.m; sourceTree = "<group>"; };
		E367F77A20843EFC0058FB4A /* LSFileAssistant.m */ = {isa = PBXFileReference; fileEncoding = 4; lastKnownFileType = sourcecode.c.objc; path = LSFileAssistant.m; sourceTree = "<group>"; };
		E367F77B20843EFC0058FB4A /* TKFileManager.m */ = {isa = PBXFileReference; fileEncoding = 4; lastKnownFileType = sourcecode.c.objc; path = TKFileManager.m; sourceTree = "<group>"; };
		E367F77C20843EFC0058FB4A /* LSFileAssistant.h */ = {isa = PBXFileReference; fileEncoding = 4; lastKnownFileType = sourcecode.c.h; path = LSFileAssistant.h; sourceTree = "<group>"; };
		E367F77D20843EFC0058FB4A /* TKFileManager.h */ = {isa = PBXFileReference; fileEncoding = 4; lastKnownFileType = sourcecode.c.h; path = TKFileManager.h; sourceTree = "<group>"; };
		E367F783208440210058FB4A /* CYLWebViewController.m */ = {isa = PBXFileReference; fileEncoding = 4; lastKnownFileType = sourcecode.c.objc; path = CYLWebViewController.m; sourceTree = "<group>"; };
		E367F784208440210058FB4A /* CYLWebHandle.h */ = {isa = PBXFileReference; fileEncoding = 4; lastKnownFileType = sourcecode.c.h; path = CYLWebHandle.h; sourceTree = "<group>"; };
		E367F785208440210058FB4A /* CYLWebView.h */ = {isa = PBXFileReference; fileEncoding = 4; lastKnownFileType = sourcecode.c.h; path = CYLWebView.h; sourceTree = "<group>"; };
		E367F786208440210058FB4A /* CYLWebViewController.h */ = {isa = PBXFileReference; fileEncoding = 4; lastKnownFileType = sourcecode.c.h; path = CYLWebViewController.h; sourceTree = "<group>"; };
		E367F787208440210058FB4A /* CYLWebHandle.m */ = {isa = PBXFileReference; fileEncoding = 4; lastKnownFileType = sourcecode.c.objc; path = CYLWebHandle.m; sourceTree = "<group>"; };
		E367F788208440210058FB4A /* CYLWebView.m */ = {isa = PBXFileReference; fileEncoding = 4; lastKnownFileType = sourcecode.c.objc; path = CYLWebView.m; sourceTree = "<group>"; };
		E367F792208449E90058FB4A /* Animator.m */ = {isa = PBXFileReference; fileEncoding = 4; lastKnownFileType = sourcecode.c.objc; path = Animator.m; sourceTree = "<group>"; };
		E367F793208449E90058FB4A /* Animator.h */ = {isa = PBXFileReference; fileEncoding = 4; lastKnownFileType = sourcecode.c.h; path = Animator.h; sourceTree = "<group>"; };
		E367F794208449E90058FB4A /* CYLRefreshFooter.m */ = {isa = PBXFileReference; fileEncoding = 4; lastKnownFileType = sourcecode.c.objc; path = CYLRefreshFooter.m; sourceTree = "<group>"; };
		E367F795208449E90058FB4A /* CYLRefershHeader.m */ = {isa = PBXFileReference; fileEncoding = 4; lastKnownFileType = sourcecode.c.objc; path = CYLRefershHeader.m; sourceTree = "<group>"; };
		E367F796208449E90058FB4A /* UIView+MJExtension.m */ = {isa = PBXFileReference; fileEncoding = 4; lastKnownFileType = sourcecode.c.objc; path = "UIView+MJExtension.m"; sourceTree = "<group>"; };
		E367F797208449E90058FB4A /* CYLRefereshConstant.h */ = {isa = PBXFileReference; fileEncoding = 4; lastKnownFileType = sourcecode.c.h; path = CYLRefereshConstant.h; sourceTree = "<group>"; };
		E367F798208449E90058FB4A /* UIScrollView+Refresh.h */ = {isa = PBXFileReference; fileEncoding = 4; lastKnownFileType = sourcecode.c.h; path = "UIScrollView+Refresh.h"; sourceTree = "<group>"; };
		E367F799208449E90058FB4A /* CYLRefereshTool.h */ = {isa = PBXFileReference; fileEncoding = 4; lastKnownFileType = sourcecode.c.h; path = CYLRefereshTool.h; sourceTree = "<group>"; };
		E367F79A208449E90058FB4A /* CYLRefereshBaseView.h */ = {isa = PBXFileReference; fileEncoding = 4; lastKnownFileType = sourcecode.c.h; path = CYLRefereshBaseView.h; sourceTree = "<group>"; };
		E367F79B208449E90058FB4A /* CYLRefershHeader.h */ = {isa = PBXFileReference; fileEncoding = 4; lastKnownFileType = sourcecode.c.h; path = CYLRefershHeader.h; sourceTree = "<group>"; };
		E367F79C208449E90058FB4A /* CYLRefreshFooter.h */ = {isa = PBXFileReference; fileEncoding = 4; lastKnownFileType = sourcecode.c.h; path = CYLRefreshFooter.h; sourceTree = "<group>"; };
		E367F79D208449E90058FB4A /* CYLRefereshBaseView.m */ = {isa = PBXFileReference; fileEncoding = 4; lastKnownFileType = sourcecode.c.objc; path = CYLRefereshBaseView.m; sourceTree = "<group>"; };
		E367F79E208449E90058FB4A /* CYLRefereshTool.m */ = {isa = PBXFileReference; fileEncoding = 4; lastKnownFileType = sourcecode.c.objc; path = CYLRefereshTool.m; sourceTree = "<group>"; };
		E367F79F208449E90058FB4A /* UIScrollView+Refresh.m */ = {isa = PBXFileReference; fileEncoding = 4; lastKnownFileType = sourcecode.c.objc; path = "UIScrollView+Refresh.m"; sourceTree = "<group>"; };
		E367F7A0208449E90058FB4A /* CYLRefereshConstant.m */ = {isa = PBXFileReference; fileEncoding = 4; lastKnownFileType = sourcecode.c.objc; path = CYLRefereshConstant.m; sourceTree = "<group>"; };
		E367F7A1208449E90058FB4A /* UIView+MJExtension.h */ = {isa = PBXFileReference; fileEncoding = 4; lastKnownFileType = sourcecode.c.h; path = "UIView+MJExtension.h"; sourceTree = "<group>"; };
/* End PBXFileReference section */

/* Begin PBXFrameworksBuildPhase section */
		E367F74F20843CC00058FB4A /* Frameworks */ = {
			isa = PBXFrameworksBuildPhase;
			buildActionMask = 2147483647;
			files = (
				514F23339366777DFDC74D87 /* libPods-CYLAppBaseFrameWork.a in Frameworks */,
			);
			runOnlyForDeploymentPostprocessing = 0;
		};
/* End PBXFrameworksBuildPhase section */

/* Begin PBXGroup section */
		1639E4F3398054FA11DDC842 /* Pods */ = {
			isa = PBXGroup;
			children = (
				4181406B70A0C613BC44D313 /* Pods-CYLAppBaseFrameWork.debug.xcconfig */,
				789F4A85B7A5ACB881A5A01C /* Pods-CYLAppBaseFrameWork.release.xcconfig */,
			);
			name = Pods;
			sourceTree = "<group>";
		};
		48AF7ACBC360677E97C0898F /* Frameworks */ = {
			isa = PBXGroup;
			children = (
				B1BEF2B68741C6F23094A7DC /* libPods-CYLAppBaseFrameWork.a */,
			);
			name = Frameworks;
			sourceTree = "<group>";
		};
		E367F74920843CC00058FB4A = {
			isa = PBXGroup;
			children = (
				E367F75520843CC00058FB4A /* CYLAppBaseFrameWork */,
				E367F75420843CC00058FB4A /* Products */,
				1639E4F3398054FA11DDC842 /* Pods */,
				48AF7ACBC360677E97C0898F /* Frameworks */,
			);
			sourceTree = "<group>";
		};
		E367F75420843CC00058FB4A /* Products */ = {
			isa = PBXGroup;
			children = (
				E367F75320843CC00058FB4A /* CYLAppBaseFrameWork.framework */,
			);
			name = Products;
			sourceTree = "<group>";
		};
		E367F75520843CC00058FB4A /* CYLAppBaseFrameWork */ = {
			isa = PBXGroup;
			children = (
				E367F790208449E90058FB4A /* CYLReferesh */,
				E367F782208440210058FB4A /* CYLWebViewContainer */,
				E367F75E20843EF20058FB4A /* CYLNetworkManager */,
				E367F75620843CC00058FB4A /* CYLAppBaseFrameWork.h */,
				E367F75720843CC00058FB4A /* Info.plist */,
			);
			path = CYLAppBaseFrameWork;
			sourceTree = "<group>";
		};
		E367F75E20843EF20058FB4A /* CYLNetworkManager */ = {
			isa = PBXGroup;
			children = (
				E367F77920843EFC0058FB4A /* FileManager */,
				E367F75F20843EF20058FB4A /* API */,
				E367F76320843EF20058FB4A /* NetWork */,
			);
			name = CYLNetworkManager;
			path = ../../CYLNetWorkManager/CYLNetWorkManager/CYLNetworkManager;
			sourceTree = "<group>";
		};
		E367F75F20843EF20058FB4A /* API */ = {
			isa = PBXGroup;
			children = (
				E367F76020843EF20058FB4A /* CYLApiBaseManager.m */,
				E367F76120843EF20058FB4A /* ReformerProtocol.h */,
				E367F76220843EF20058FB4A /* CYLApiBaseManager.h */,
			);
			path = API;
			sourceTree = "<group>";
		};
		E367F76320843EF20058FB4A /* NetWork */ = {
			isa = PBXGroup;
			children = (
				E367F76420843EF20058FB4A /* CYLResponse.m */,
				E367F76520843EF20058FB4A /* CYLNetWorkManager.h */,
				E367F76620843EF20058FB4A /* CYLNetworkConfigration.m */,
				E367F76720843EF20058FB4A /* Constant.h */,
				E367F76820843EF20058FB4A /* CYLNetWorkCache.h */,
				E367F76920843EF20058FB4A /* CYLNetworkConfigration.h */,
				E367F76A20843EF20058FB4A /* CYLNetWorkManager.m */,
				E367F76B20843EF20058FB4A /* CYLResponse.h */,
				E367F76C20843EF20058FB4A /* CYLNetWorkCache.m */,
			);
			path = NetWork;
			sourceTree = "<group>";
		};
		E367F77920843EFC0058FB4A /* FileManager */ = {
			isa = PBXGroup;
			children = (
				E367F77A20843EFC0058FB4A /* LSFileAssistant.m */,
				E367F77B20843EFC0058FB4A /* TKFileManager.m */,
				E367F77C20843EFC0058FB4A /* LSFileAssistant.h */,
				E367F77D20843EFC0058FB4A /* TKFileManager.h */,
			);
			name = FileManager;
			path = ../FileManager;
			sourceTree = "<group>";
		};
		E367F782208440210058FB4A /* CYLWebViewContainer */ = {
			isa = PBXGroup;
			children = (
				E367F783208440210058FB4A /* CYLWebViewController.m */,
				E367F784208440210058FB4A /* CYLWebHandle.h */,
				E367F785208440210058FB4A /* CYLWebView.h */,
				E367F786208440210058FB4A /* CYLWebViewController.h */,
				E367F787208440210058FB4A /* CYLWebHandle.m */,
				E367F788208440210058FB4A /* CYLWebView.m */,
			);
			name = CYLWebViewContainer;
			path = ../../CYLWebViewContainer/CYLWebViewContainer/CYLWebViewContainer;
			sourceTree = "<group>";
		};
		E367F790208449E90058FB4A /* CYLReferesh */ = {
			isa = PBXGroup;
			children = (
				E367F791208449E90058FB4A /* Animator */,
				E367F794208449E90058FB4A /* CYLRefreshFooter.m */,
				E367F795208449E90058FB4A /* CYLRefershHeader.m */,
				E367F796208449E90058FB4A /* UIView+MJExtension.m */,
				E367F797208449E90058FB4A /* CYLRefereshConstant.h */,
				E367F798208449E90058FB4A /* UIScrollView+Refresh.h */,
				E367F799208449E90058FB4A /* CYLRefereshTool.h */,
				E367F79A208449E90058FB4A /* CYLRefereshBaseView.h */,
				E367F79B208449E90058FB4A /* CYLRefershHeader.h */,
				E367F79C208449E90058FB4A /* CYLRefreshFooter.h */,
				E367F79D208449E90058FB4A /* CYLRefereshBaseView.m */,
				E367F79E208449E90058FB4A /* CYLRefereshTool.m */,
				E367F79F208449E90058FB4A /* UIScrollView+Refresh.m */,
				E367F7A0208449E90058FB4A /* CYLRefereshConstant.m */,
				E367F7A1208449E90058FB4A /* UIView+MJExtension.h */,
			);
			name = CYLReferesh;
			path = ../../CYLReferesh/CYLReferesh/CYLReferesh;
			sourceTree = "<group>";
		};
		E367F791208449E90058FB4A /* Animator */ = {
			isa = PBXGroup;
			children = (
				E367F792208449E90058FB4A /* Animator.m */,
				E367F793208449E90058FB4A /* Animator.h */,
			);
			path = Animator;
			sourceTree = "<group>";
		};
/* End PBXGroup section */

/* Begin PBXHeadersBuildPhase section */
		E367F75020843CC00058FB4A /* Headers */ = {
			isa = PBXHeadersBuildPhase;
			buildActionMask = 2147483647;
			files = (
				E367F76E20843EF20058FB4A /* ReformerProtocol.h in Headers */,
				E367F77520843EF20058FB4A /* CYLNetworkConfigration.h in Headers */,
				E367F77720843EF20058FB4A /* CYLResponse.h in Headers */,
				E367F78B208440210058FB4A /* CYLWebView.h in Headers */,
				E367F76F20843EF20058FB4A /* CYLApiBaseManager.h in Headers */,
				E367F77120843EF20058FB4A /* CYLNetWorkManager.h in Headers */,
				E367F7B1208449E90058FB4A /* UIView+MJExtension.h in Headers */,
				E367F78C208440210058FB4A /* CYLWebViewController.h in Headers */,
				E367F7AA208449E90058FB4A /* CYLRefereshBaseView.h in Headers */,
				E367F7A3208449E90058FB4A /* Animator.h in Headers */,
				E367F78120843EFC0058FB4A /* TKFileManager.h in Headers */,
				E367F7A9208449E90058FB4A /* CYLRefereshTool.h in Headers */,
				E367F77420843EF20058FB4A /* CYLNetWorkCache.h in Headers */,
				E367F77320843EF20058FB4A /* Constant.h in Headers */,
				E367F7AB208449E90058FB4A /* CYLRefershHeader.h in Headers */,
				E367F7A7208449E90058FB4A /* CYLRefereshConstant.h in Headers */,
				E367F75820843CC00058FB4A /* CYLAppBaseFrameWork.h in Headers */,
				E367F78020843EFC0058FB4A /* LSFileAssistant.h in Headers */,
				E367F7A8208449E90058FB4A /* UIScrollView+Refresh.h in Headers */,
				E367F7AC208449E90058FB4A /* CYLRefreshFooter.h in Headers */,
				E367F78A208440210058FB4A /* CYLWebHandle.h in Headers */,
			);
			runOnlyForDeploymentPostprocessing = 0;
		};
/* End PBXHeadersBuildPhase section */

/* Begin PBXNativeTarget section */
		E367F75220843CC00058FB4A /* CYLAppBaseFrameWork */ = {
			isa = PBXNativeTarget;
			buildConfigurationList = E367F75B20843CC00058FB4A /* Build configuration list for PBXNativeTarget "CYLAppBaseFrameWork" */;
			buildPhases = (
				C71BB6E0269C80B974A0D872 /* [CP] Check Pods Manifest.lock */,
				E367F74E20843CC00058FB4A /* Sources */,
				E367F74F20843CC00058FB4A /* Frameworks */,
				E367F75020843CC00058FB4A /* Headers */,
				E367F75120843CC00058FB4A /* Resources */,
				160116275F8E0706FA3AA0A4 /* [CP] Copy Pods Resources */,
			);
			buildRules = (
			);
			dependencies = (
			);
			name = CYLAppBaseFrameWork;
			productName = CYLAppBaseFrameWork;
			productReference = E367F75320843CC00058FB4A /* CYLAppBaseFrameWork.framework */;
			productType = "com.apple.product-type.framework";
		};
/* End PBXNativeTarget section */

/* Begin PBXProject section */
		E367F74A20843CC00058FB4A /* Project object */ = {
			isa = PBXProject;
			attributes = {
				LastUpgradeCheck = 0920;
				ORGANIZATIONNAME = Gary;
				TargetAttributes = {
					E367F75220843CC00058FB4A = {
						CreatedOnToolsVersion = 9.2;
						ProvisioningStyle = Automatic;
					};
				};
			};
			buildConfigurationList = E367F74D20843CC00058FB4A /* Build configuration list for PBXProject "CYLAppBaseFrameWork" */;
			compatibilityVersion = "Xcode 8.0";
			developmentRegion = en;
			hasScannedForEncodings = 0;
			knownRegions = (
				en,
			);
			mainGroup = E367F74920843CC00058FB4A;
			productRefGroup = E367F75420843CC00058FB4A /* Products */;
			projectDirPath = "";
			projectRoot = "";
			targets = (
				E367F75220843CC00058FB4A /* CYLAppBaseFrameWork */,
			);
		};
/* End PBXProject section */

/* Begin PBXResourcesBuildPhase section */
		E367F75120843CC00058FB4A /* Resources */ = {
			isa = PBXResourcesBuildPhase;
			buildActionMask = 2147483647;
			files = (
			);
			runOnlyForDeploymentPostprocessing = 0;
		};
/* End PBXResourcesBuildPhase section */

/* Begin PBXShellScriptBuildPhase section */
		160116275F8E0706FA3AA0A4 /* [CP] Copy Pods Resources */ = {
			isa = PBXShellScriptBuildPhase;
			buildActionMask = 2147483647;
			files = (
			);
			inputPaths = (
			);
			name = "[CP] Copy Pods Resources";
			outputPaths = (
			);
			runOnlyForDeploymentPostprocessing = 0;
			shellPath = /bin/sh;
			shellScript = "\"${SRCROOT}/Pods/Target Support Files/Pods-CYLAppBaseFrameWork/Pods-CYLAppBaseFrameWork-resources.sh\"\n";
			showEnvVarsInLog = 0;
		};
		C71BB6E0269C80B974A0D872 /* [CP] Check Pods Manifest.lock */ = {
			isa = PBXShellScriptBuildPhase;
			buildActionMask = 2147483647;
			files = (
			);
			inputPaths = (
				"${PODS_PODFILE_DIR_PATH}/Podfile.lock",
				"${PODS_ROOT}/Manifest.lock",
			);
			name = "[CP] Check Pods Manifest.lock";
			outputPaths = (
				"$(DERIVED_FILE_DIR)/Pods-CYLAppBaseFrameWork-checkManifestLockResult.txt",
			);
			runOnlyForDeploymentPostprocessing = 0;
			shellPath = /bin/sh;
			shellScript = "diff \"${PODS_PODFILE_DIR_PATH}/Podfile.lock\" \"${PODS_ROOT}/Manifest.lock\" > /dev/null\nif [ $? != 0 ] ; then\n    # print error to STDERR\n    echo \"error: The sandbox is not in sync with the Podfile.lock. Run 'pod install' or update your CocoaPods installation.\" >&2\n    exit 1\nfi\n# This output is used by Xcode 'outputs' to avoid re-running this script phase.\necho \"SUCCESS\" > \"${SCRIPT_OUTPUT_FILE_0}\"\n";
			showEnvVarsInLog = 0;
		};
/* End PBXShellScriptBuildPhase section */

/* Begin PBXSourcesBuildPhase section */
		E367F74E20843CC00058FB4A /* Sources */ = {
			isa = PBXSourcesBuildPhase;
			buildActionMask = 2147483647;
			files = (
				E367F7A2208449E90058FB4A /* Animator.m in Sources */,
				E367F76D20843EF20058FB4A /* CYLApiBaseManager.m in Sources */,
				E367F77020843EF20058FB4A /* CYLResponse.m in Sources */,
				E367F7A6208449E90058FB4A /* UIView+MJExtension.m in Sources */,
				E367F7A4208449E90058FB4A /* CYLRefreshFooter.m in Sources */,
				E367F78E208440210058FB4A /* CYLWebView.m in Sources */,
				E367F7AE208449E90058FB4A /* CYLRefereshTool.m in Sources */,
				E367F7A5208449E90058FB4A /* CYLRefershHeader.m in Sources */,
				E367F77220843EF20058FB4A /* CYLNetworkConfigration.m in Sources */,
				E367F78D208440210058FB4A /* CYLWebHandle.m in Sources */,
				E367F77F20843EFC0058FB4A /* TKFileManager.m in Sources */,
				E367F7AD208449E90058FB4A /* CYLRefereshBaseView.m in Sources */,
				E367F77620843EF20058FB4A /* CYLNetWorkManager.m in Sources */,
				E367F77820843EF20058FB4A /* CYLNetWorkCache.m in Sources */,
				E367F7B0208449E90058FB4A /* CYLRefereshConstant.m in Sources */,
				E367F7AF208449E90058FB4A /* UIScrollView+Refresh.m in Sources */,
				E367F789208440210058FB4A /* CYLWebViewController.m in Sources */,
				E367F77E20843EFC0058FB4A /* LSFileAssistant.m in Sources */,
			);
			runOnlyForDeploymentPostprocessing = 0;
		};
/* End PBXSourcesBuildPhase section */

/* Begin XCBuildConfiguration section */
		E367F75920843CC00058FB4A /* Debug */ = {
			isa = XCBuildConfiguration;
			buildSettings = {
				ALWAYS_SEARCH_USER_PATHS = NO;
				CLANG_ANALYZER_NONNULL = YES;
				CLANG_ANALYZER_NUMBER_OBJECT_CONVERSION = YES_AGGRESSIVE;
				CLANG_CXX_LANGUAGE_STANDARD = "gnu++14";
				CLANG_CXX_LIBRARY = "libc++";
				CLANG_ENABLE_MODULES = YES;
				CLANG_ENABLE_OBJC_ARC = YES;
				CLANG_WARN_BLOCK_CAPTURE_AUTORELEASING = YES;
				CLANG_WARN_BOOL_CONVERSION = YES;
				CLANG_WARN_COMMA = YES;
				CLANG_WARN_CONSTANT_CONVERSION = YES;
				CLANG_WARN_DIRECT_OBJC_ISA_USAGE = YES_ERROR;
				CLANG_WARN_DOCUMENTATION_COMMENTS = YES;
				CLANG_WARN_EMPTY_BODY = YES;
				CLANG_WARN_ENUM_CONVERSION = YES;
				CLANG_WARN_INFINITE_RECURSION = YES;
				CLANG_WARN_INT_CONVERSION = YES;
				CLANG_WARN_NON_LITERAL_NULL_CONVERSION = YES;
				CLANG_WARN_OBJC_LITERAL_CONVERSION = YES;
				CLANG_WARN_OBJC_ROOT_CLASS = YES_ERROR;
				CLANG_WARN_RANGE_LOOP_ANALYSIS = YES;
				CLANG_WARN_STRICT_PROTOTYPES = YES;
				CLANG_WARN_SUSPICIOUS_MOVE = YES;
				CLANG_WARN_UNGUARDED_AVAILABILITY = YES_AGGRESSIVE;
				CLANG_WARN_UNREACHABLE_CODE = YES;
				CLANG_WARN__DUPLICATE_METHOD_MATCH = YES;
				CODE_SIGN_IDENTITY = "iPhone Developer";
				COPY_PHASE_STRIP = NO;
				CURRENT_PROJECT_VERSION = 1;
				DEBUG_INFORMATION_FORMAT = dwarf;
				ENABLE_STRICT_OBJC_MSGSEND = YES;
				ENABLE_TESTABILITY = YES;
				GCC_C_LANGUAGE_STANDARD = gnu11;
				GCC_DYNAMIC_NO_PIC = NO;
				GCC_NO_COMMON_BLOCKS = YES;
				GCC_OPTIMIZATION_LEVEL = 0;
				GCC_PREPROCESSOR_DEFINITIONS = (
					"DEBUG=1",
					"$(inherited)",
				);
				GCC_WARN_64_TO_32_BIT_CONVERSION = YES;
				GCC_WARN_ABOUT_RETURN_TYPE = YES_ERROR;
				GCC_WARN_UNDECLARED_SELECTOR = YES;
				GCC_WARN_UNINITIALIZED_AUTOS = YES_AGGRESSIVE;
				GCC_WARN_UNUSED_FUNCTION = YES;
				GCC_WARN_UNUSED_VARIABLE = YES;
				IPHONEOS_DEPLOYMENT_TARGET = 11.2;
				MTL_ENABLE_DEBUG_INFO = YES;
				ONLY_ACTIVE_ARCH = YES;
				SDKROOT = iphoneos;
				VERSIONING_SYSTEM = "apple-generic";
				VERSION_INFO_PREFIX = "";
			};
			name = Debug;
		};
		E367F75A20843CC00058FB4A /* Release */ = {
			isa = XCBuildConfiguration;
			buildSettings = {
				ALWAYS_SEARCH_USER_PATHS = NO;
				CLANG_ANALYZER_NONNULL = YES;
				CLANG_ANALYZER_NUMBER_OBJECT_CONVERSION = YES_AGGRESSIVE;
				CLANG_CXX_LANGUAGE_STANDARD = "gnu++14";
				CLANG_CXX_LIBRARY = "libc++";
				CLANG_ENABLE_MODULES = YES;
				CLANG_ENABLE_OBJC_ARC = YES;
				CLANG_WARN_BLOCK_CAPTURE_AUTORELEASING = YES;
				CLANG_WARN_BOOL_CONVERSION = YES;
				CLANG_WARN_COMMA = YES;
				CLANG_WARN_CONSTANT_CONVERSION = YES;
				CLANG_WARN_DIRECT_OBJC_ISA_USAGE = YES_ERROR;
				CLANG_WARN_DOCUMENTATION_COMMENTS = YES;
				CLANG_WARN_EMPTY_BODY = YES;
				CLANG_WARN_ENUM_CONVERSION = YES;
				CLANG_WARN_INFINITE_RECURSION = YES;
				CLANG_WARN_INT_CONVERSION = YES;
				CLANG_WARN_NON_LITERAL_NULL_CONVERSION = YES;
				CLANG_WARN_OBJC_LITERAL_CONVERSION = YES;
				CLANG_WARN_OBJC_ROOT_CLASS = YES_ERROR;
				CLANG_WARN_RANGE_LOOP_ANALYSIS = YES;
				CLANG_WARN_STRICT_PROTOTYPES = YES;
				CLANG_WARN_SUSPICIOUS_MOVE = YES;
				CLANG_WARN_UNGUARDED_AVAILABILITY = YES_AGGRESSIVE;
				CLANG_WARN_UNREACHABLE_CODE = YES;
				CLANG_WARN__DUPLICATE_METHOD_MATCH = YES;
				CODE_SIGN_IDENTITY = "iPhone Developer";
				COPY_PHASE_STRIP = NO;
				CURRENT_PROJECT_VERSION = 1;
				DEBUG_INFORMATION_FORMAT = "dwarf-with-dsym";
				ENABLE_NS_ASSERTIONS = NO;
				ENABLE_STRICT_OBJC_MSGSEND = YES;
				GCC_C_LANGUAGE_STANDARD = gnu11;
				GCC_NO_COMMON_BLOCKS = YES;
				GCC_WARN_64_TO_32_BIT_CONVERSION = YES;
				GCC_WARN_ABOUT_RETURN_TYPE = YES_ERROR;
				GCC_WARN_UNDECLARED_SELECTOR = YES;
				GCC_WARN_UNINITIALIZED_AUTOS = YES_AGGRESSIVE;
				GCC_WARN_UNUSED_FUNCTION = YES;
				GCC_WARN_UNUSED_VARIABLE = YES;
				IPHONEOS_DEPLOYMENT_TARGET = 11.2;
				MTL_ENABLE_DEBUG_INFO = NO;
				SDKROOT = iphoneos;
				VALIDATE_PRODUCT = YES;
				VERSIONING_SYSTEM = "apple-generic";
				VERSION_INFO_PREFIX = "";
			};
			name = Release;
		};
		E367F75C20843CC00058FB4A /* Debug */ = {
			isa = XCBuildConfiguration;
			baseConfigurationReference = 4181406B70A0C613BC44D313 /* Pods-CYLAppBaseFrameWork.debug.xcconfig */;
			buildSettings = {
				CODE_SIGN_IDENTITY = "";
				CODE_SIGN_STYLE = Automatic;
				DEFINES_MODULE = YES;
				DEVELOPMENT_TEAM = WNNZLJCCS5;
				DYLIB_COMPATIBILITY_VERSION = 1;
				DYLIB_CURRENT_VERSION = 1;
				DYLIB_INSTALL_NAME_BASE = "@rpath";
				INFOPLIST_FILE = CYLAppBaseFrameWork/Info.plist;
				INSTALL_PATH = "$(LOCAL_LIBRARY_DIR)/Frameworks";
				LD_RUNPATH_SEARCH_PATHS = "$(inherited) @executable_path/Frameworks @loader_path/Frameworks";
				PRODUCT_BUNDLE_IDENTIFIER = "com.chinapex.-CYLAppBaseFrameWork.CYLAppBaseFrameWork";
				PRODUCT_NAME = "$(TARGET_NAME:c99extidentifier)";
				SKIP_INSTALL = YES;
				TARGETED_DEVICE_FAMILY = "1,2";
			};
			name = Debug;
		};
		E367F75D20843CC00058FB4A /* Release */ = {
			isa = XCBuildConfiguration;
			baseConfigurationReference = 789F4A85B7A5ACB881A5A01C /* Pods-CYLAppBaseFrameWork.release.xcconfig */;
			buildSettings = {
				CODE_SIGN_IDENTITY = "";
				CODE_SIGN_STYLE = Automatic;
				DEFINES_MODULE = YES;
				DEVELOPMENT_TEAM = WNNZLJCCS5;
				DYLIB_COMPATIBILITY_VERSION = 1;
				DYLIB_CURRENT_VERSION = 1;
				DYLIB_INSTALL_NAME_BASE = "@rpath";
				INFOPLIST_FILE = CYLAppBaseFrameWork/Info.plist;
				INSTALL_PATH = "$(LOCAL_LIBRARY_DIR)/Frameworks";
				LD_RUNPATH_SEARCH_PATHS = "$(inherited) @executable_path/Frameworks @loader_path/Frameworks";
				PRODUCT_BUNDLE_IDENTIFIER = "com.chinapex.-CYLAppBaseFrameWork.CYLAppBaseFrameWork";
				PRODUCT_NAME = "$(TARGET_NAME:c99extidentifier)";
				SKIP_INSTALL = YES;
				TARGETED_DEVICE_FAMILY = "1,2";
			};
			name = Release;
		};
/* End XCBuildConfiguration section */

/* Begin XCConfigurationList section */
		E367F74D20843CC00058FB4A /* Build configuration list for PBXProject "CYLAppBaseFrameWork" */ = {
			isa = XCConfigurationList;
			buildConfigurations = (
				E367F75920843CC00058FB4A /* Debug */,
				E367F75A20843CC00058FB4A /* Release */,
			);
			defaultConfigurationIsVisible = 0;
			defaultConfigurationName = Release;
		};
		E367F75B20843CC00058FB4A /* Build configuration list for PBXNativeTarget "CYLAppBaseFrameWork" */ = {
			isa = XCConfigurationList;
			buildConfigurations = (
				E367F75C20843CC00058FB4A /* Debug */,
				E367F75D20843CC00058FB4A /* Release */,
			);
			defaultConfigurationIsVisible = 0;
			defaultConfigurationName = Release;
		};
/* End XCConfigurationList section */
	};
	rootObject = E367F74A20843CC00058FB4A /* Project object */;
}
