// !$*UTF8*$!
{
	archiveVersion = 1;
	classes = {
	};
	objectVersion = 48;
	objects = {

/* Begin PBXBuildFile section */
		514F23339366777DFDC74D87 /* libPods-CYLAppBaseFrameWork.a in Frameworks */ = {isa = PBXBuildFile; fileRef = B1BEF2B68741C6F23094A7DC /* libPods-CYLAppBaseFrameWork.a */; };
		E367F75820843CC00058FB4A /* CYLAppBaseFrameWork.h in Headers */ = {isa = PBXBuildFile; fileRef = E367F75620843CC00058FB4A /* CYLAppBaseFrameWork.h */; settings = {ATTRIBUTES = (Public, ); }; };
		E79791232088469000538641 /* CYLNetWorkCache.m in Sources */ = {isa = PBXBuildFile; fileRef = E79791112088469000538641 /* CYLNetWorkCache.m */; };
		E79791242088469000538641 /* Constant.h in Headers */ = {isa = PBXBuildFile; fileRef = E79791122088469000538641 /* Constant.h */; };
		E79791252088469000538641 /* CYLNetworkConfigration.h in Headers */ = {isa = PBXBuildFile; fileRef = E79791132088469000538641 /* CYLNetworkConfigration.h */; };
		E79791262088469000538641 /* CYLNetWorkManager.h in Headers */ = {isa = PBXBuildFile; fileRef = E79791142088469000538641 /* CYLNetWorkManager.h */; };
		E79791272088469000538641 /* CYLResponse.m in Sources */ = {isa = PBXBuildFile; fileRef = E79791152088469000538641 /* CYLResponse.m */; };
		E79791282088469000538641 /* CYLNetWorkCache.h in Headers */ = {isa = PBXBuildFile; fileRef = E79791162088469000538641 /* CYLNetWorkCache.h */; };
		E79791292088469000538641 /* CYLResponse.h in Headers */ = {isa = PBXBuildFile; fileRef = E79791172088469000538641 /* CYLResponse.h */; };
		E797912A2088469000538641 /* CYLNetWorkManager.m in Sources */ = {isa = PBXBuildFile; fileRef = E79791182088469000538641 /* CYLNetWorkManager.m */; };
		E797912B2088469000538641 /* CYLNetworkConfigration.m in Sources */ = {isa = PBXBuildFile; fileRef = E79791192088469000538641 /* CYLNetworkConfigration.m */; };
		E797912C2088469000538641 /* CYLApiBaseManager.m in Sources */ = {isa = PBXBuildFile; fileRef = E797911B2088469000538641 /* CYLApiBaseManager.m */; };
		E797912D2088469000538641 /* ReformerProtocol.h in Headers */ = {isa = PBXBuildFile; fileRef = E797911C2088469000538641 /* ReformerProtocol.h */; };
		E797912E2088469000538641 /* CYLApiBaseManager.h in Headers */ = {isa = PBXBuildFile; fileRef = E797911D2088469000538641 /* CYLApiBaseManager.h */; };
		E797912F2088469000538641 /* TKFileManager.m in Sources */ = {isa = PBXBuildFile; fileRef = E797911F2088469000538641 /* TKFileManager.m */; };
		E79791302088469000538641 /* LSFileAssistant.m in Sources */ = {isa = PBXBuildFile; fileRef = E79791202088469000538641 /* LSFileAssistant.m */; };
		E79791312088469000538641 /* LSFileAssistant.h in Headers */ = {isa = PBXBuildFile; fileRef = E79791212088469000538641 /* LSFileAssistant.h */; };
		E79791322088469000538641 /* TKFileManager.h in Headers */ = {isa = PBXBuildFile; fileRef = E79791222088469000538641 /* TKFileManager.h */; };
		E7979145208846B700538641 /* CYLRefereshConstant.h in Headers */ = {isa = PBXBuildFile; fileRef = E7979134208846B700538641 /* CYLRefereshConstant.h */; };
		E7979146208846B700538641 /* UIScrollView+Refresh.m in Sources */ = {isa = PBXBuildFile; fileRef = E7979135208846B700538641 /* UIScrollView+Refresh.m */; };
		E7979147208846B700538641 /* UIView+MJExtension.h in Headers */ = {isa = PBXBuildFile; fileRef = E7979136208846B700538641 /* UIView+MJExtension.h */; };
		E7979148208846B700538641 /* CYLRefershHeader.m in Sources */ = {isa = PBXBuildFile; fileRef = E7979137208846B700538641 /* CYLRefershHeader.m */; };
		E7979149208846B700538641 /* CYLRefereshTool.m in Sources */ = {isa = PBXBuildFile; fileRef = E7979138208846B700538641 /* CYLRefereshTool.m */; };
		E797914A208846B700538641 /* Animator.m in Sources */ = {isa = PBXBuildFile; fileRef = E797913A208846B700538641 /* Animator.m */; };
		E797914B208846B700538641 /* Animator.h in Headers */ = {isa = PBXBuildFile; fileRef = E797913B208846B700538641 /* Animator.h */; };
		E797914C208846B700538641 /* CYLRefereshBaseView.m in Sources */ = {isa = PBXBuildFile; fileRef = E797913C208846B700538641 /* CYLRefereshBaseView.m */; };
		E797914D208846B700538641 /* CYLRefreshFooter.m in Sources */ = {isa = PBXBuildFile; fileRef = E797913D208846B700538641 /* CYLRefreshFooter.m */; };
		E797914E208846B700538641 /* CYLRefereshConstant.m in Sources */ = {isa = PBXBuildFile; fileRef = E797913E208846B700538641 /* CYLRefereshConstant.m */; };
		E797914F208846B700538641 /* UIView+MJExtension.m in Sources */ = {isa = PBXBuildFile; fileRef = E797913F208846B700538641 /* UIView+MJExtension.m */; };
		E7979150208846B700538641 /* UIScrollView+Refresh.h in Headers */ = {isa = PBXBuildFile; fileRef = E7979140208846B700538641 /* UIScrollView+Refresh.h */; };
		E7979151208846B700538641 /* CYLRefreshFooter.h in Headers */ = {isa = PBXBuildFile; fileRef = E7979141208846B700538641 /* CYLRefreshFooter.h */; };
		E7979152208846B700538641 /* CYLRefereshBaseView.h in Headers */ = {isa = PBXBuildFile; fileRef = E7979142208846B700538641 /* CYLRefereshBaseView.h */; };
		E7979153208846B700538641 /* CYLRefereshTool.h in Headers */ = {isa = PBXBuildFile; fileRef = E7979143208846B700538641 /* CYLRefereshTool.h */; };
		E7979154208846B700538641 /* CYLRefershHeader.h in Headers */ = {isa = PBXBuildFile; fileRef = E7979144208846B700538641 /* CYLRefershHeader.h */; };
		E797916A208846C200538641 /* CYLTansitionManager.m in Sources */ = {isa = PBXBuildFile; fileRef = E7979156208846C100538641 /* CYLTansitionManager.m */; };
		E797916B208846C200538641 /* CYLInteractiveTrasition.m in Sources */ = {isa = PBXBuildFile; fileRef = E7979157208846C100538641 /* CYLInteractiveTrasition.m */; };
		E797916C208846C200538641 /* UIImage+Blur.m in Sources */ = {isa = PBXBuildFile; fileRef = E7979158208846C100538641 /* UIImage+Blur.m */; };
		E797916D208846C200538641 /* MagicMoveTransitionAnimation.h in Headers */ = {isa = PBXBuildFile; fileRef = E797915A208846C100538641 /* MagicMoveTransitionAnimation.h */; };
		E797916E208846C200538641 /* CYLCardPopUpController.h in Headers */ = {isa = PBXBuildFile; fileRef = E797915B208846C100538641 /* CYLCardPopUpController.h */; };
		E797916F208846C200538641 /* SpreadTransitionAnimation.h in Headers */ = {isa = PBXBuildFile; fileRef = E797915C208846C100538641 /* SpreadTransitionAnimation.h */; };
		E7979170208846C200538641 /* CardPopUpTransitionAnimation.m in Sources */ = {isa = PBXBuildFile; fileRef = E797915D208846C100538641 /* CardPopUpTransitionAnimation.m */; };
		E7979171208846C200538641 /* MagicMoveTransitionAnimation.m in Sources */ = {isa = PBXBuildFile; fileRef = E797915E208846C100538641 /* MagicMoveTransitionAnimation.m */; };
		E7979172208846C200538641 /* SpreadTransitionAnimation.m in Sources */ = {isa = PBXBuildFile; fileRef = E797915F208846C100538641 /* SpreadTransitionAnimation.m */; };
		E7979173208846C200538641 /* CYLCardPopUpController.m in Sources */ = {isa = PBXBuildFile; fileRef = E7979160208846C100538641 /* CYLCardPopUpController.m */; };
		E7979174208846C200538641 /* CardPopUpTransitionAnimation.h in Headers */ = {isa = PBXBuildFile; fileRef = E7979161208846C100538641 /* CardPopUpTransitionAnimation.h */; };
		E7979175208846C200538641 /* CYLBaseTransitionAnimation.h in Headers */ = {isa = PBXBuildFile; fileRef = E7979162208846C100538641 /* CYLBaseTransitionAnimation.h */; };
		E7979176208846C200538641 /* FXBlurView.h in Headers */ = {isa = PBXBuildFile; fileRef = E7979163208846C100538641 /* FXBlurView.h */; };
		E7979177208846C200538641 /* CYLInteractiveTrasition.h in Headers */ = {isa = PBXBuildFile; fileRef = E7979164208846C100538641 /* CYLInteractiveTrasition.h */; };
		E7979178208846C200538641 /* CYLTansitionManager.h in Headers */ = {isa = PBXBuildFile; fileRef = E7979165208846C100538641 /* CYLTansitionManager.h */; };
		E7979179208846C200538641 /* CYLTransitionHeader.h in Headers */ = {isa = PBXBuildFile; fileRef = E7979166208846C100538641 /* CYLTransitionHeader.h */; };
		E797917A208846C200538641 /* UIImage+Blur.h in Headers */ = {isa = PBXBuildFile; fileRef = E7979167208846C100538641 /* UIImage+Blur.h */; };
		E797917B208846C200538641 /* FXBlurView.m in Sources */ = {isa = PBXBuildFile; fileRef = E7979168208846C100538641 /* FXBlurView.m */; };
		E797917C208846C200538641 /* CYLBaseTransitionAnimation.m in Sources */ = {isa = PBXBuildFile; fileRef = E7979169208846C100538641 /* CYLBaseTransitionAnimation.m */; };
		E7979184208846CB00538641 /* CYLWebViewController.m in Sources */ = {isa = PBXBuildFile; fileRef = E797917E208846CB00538641 /* CYLWebViewController.m */; };
		E7979185208846CB00538641 /* CYLWebHandle.m in Sources */ = {isa = PBXBuildFile; fileRef = E797917F208846CB00538641 /* CYLWebHandle.m */; };
		E7979186208846CB00538641 /* CYLWebView.m in Sources */ = {isa = PBXBuildFile; fileRef = E7979180208846CB00538641 /* CYLWebView.m */; };
		E7979187208846CB00538641 /* CYLWebView.h in Headers */ = {isa = PBXBuildFile; fileRef = E7979181208846CB00538641 /* CYLWebView.h */; };
		E7979188208846CB00538641 /* CYLWebHandle.h in Headers */ = {isa = PBXBuildFile; fileRef = E7979182208846CB00538641 /* CYLWebHandle.h */; };
		E7979189208846CB00538641 /* CYLWebViewController.h in Headers */ = {isa = PBXBuildFile; fileRef = E7979183208846CB00538641 /* CYLWebViewController.h */; };
/* End PBXBuildFile section */

/* Begin PBXFileReference section */
		4181406B70A0C613BC44D313 /* Pods-CYLAppBaseFrameWork.debug.xcconfig */ = {isa = PBXFileReference; includeInIndex = 1; lastKnownFileType = text.xcconfig; name = "Pods-CYLAppBaseFrameWork.debug.xcconfig"; path = "Pods/Target Support Files/Pods-CYLAppBaseFrameWork/Pods-CYLAppBaseFrameWork.debug.xcconfig"; sourceTree = "<group>"; };
		789F4A85B7A5ACB881A5A01C /* Pods-CYLAppBaseFrameWork.release.xcconfig */ = {isa = PBXFileReference; includeInIndex = 1; lastKnownFileType = text.xcconfig; name = "Pods-CYLAppBaseFrameWork.release.xcconfig"; path = "Pods/Target Support Files/Pods-CYLAppBaseFrameWork/Pods-CYLAppBaseFrameWork.release.xcconfig"; sourceTree = "<group>"; };
		B1BEF2B68741C6F23094A7DC /* libPods-CYLAppBaseFrameWork.a */ = {isa = PBXFileReference; explicitFileType = archive.ar; includeInIndex = 0; path = "libPods-CYLAppBaseFrameWork.a"; sourceTree = BUILT_PRODUCTS_DIR; };
		E367F75320843CC00058FB4A /* CYLAppBaseFrameWork.framework */ = {isa = PBXFileReference; explicitFileType = wrapper.framework; includeInIndex = 0; path = CYLAppBaseFrameWork.framework; sourceTree = BUILT_PRODUCTS_DIR; };
		E367F75620843CC00058FB4A /* CYLAppBaseFrameWork.h */ = {isa = PBXFileReference; lastKnownFileType = sourcecode.c.h; path = CYLAppBaseFrameWork.h; sourceTree = "<group>"; };
		E367F75720843CC00058FB4A /* Info.plist */ = {isa = PBXFileReference; lastKnownFileType = text.plist.xml; path = Info.plist; sourceTree = "<group>"; };
		E79791112088469000538641 /* CYLNetWorkCache.m */ = {isa = PBXFileReference; fileEncoding = 4; lastKnownFileType = sourcecode.c.objc; path = CYLNetWorkCache.m; sourceTree = "<group>"; };
		E79791122088469000538641 /* Constant.h */ = {isa = PBXFileReference; fileEncoding = 4; lastKnownFileType = sourcecode.c.h; path = Constant.h; sourceTree = "<group>"; };
		E79791132088469000538641 /* CYLNetworkConfigration.h */ = {isa = PBXFileReference; fileEncoding = 4; lastKnownFileType = sourcecode.c.h; path = CYLNetworkConfigration.h; sourceTree = "<group>"; };
		E79791142088469000538641 /* CYLNetWorkManager.h */ = {isa = PBXFileReference; fileEncoding = 4; lastKnownFileType = sourcecode.c.h; path = CYLNetWorkManager.h; sourceTree = "<group>"; };
		E79791152088469000538641 /* CYLResponse.m */ = {isa = PBXFileReference; fileEncoding = 4; lastKnownFileType = sourcecode.c.objc; path = CYLResponse.m; sourceTree = "<group>"; };
		E79791162088469000538641 /* CYLNetWorkCache.h */ = {isa = PBXFileReference; fileEncoding = 4; lastKnownFileType = sourcecode.c.h; path = CYLNetWorkCache.h; sourceTree = "<group>"; };
		E79791172088469000538641 /* CYLResponse.h */ = {isa = PBXFileReference; fileEncoding = 4; lastKnownFileType = sourcecode.c.h; path = CYLResponse.h; sourceTree = "<group>"; };
		E79791182088469000538641 /* CYLNetWorkManager.m */ = {isa = PBXFileReference; fileEncoding = 4; lastKnownFileType = sourcecode.c.objc; path = CYLNetWorkManager.m; sourceTree = "<group>"; };
		E79791192088469000538641 /* CYLNetworkConfigration.m */ = {isa = PBXFileReference; fileEncoding = 4; lastKnownFileType = sourcecode.c.objc; path = CYLNetworkConfigration.m; sourceTree = "<group>"; };
		E797911B2088469000538641 /* CYLApiBaseManager.m */ = {isa = PBXFileReference; fileEncoding = 4; lastKnownFileType = sourcecode.c.objc; path = CYLApiBaseManager.m; sourceTree = "<group>"; };
		E797911C2088469000538641 /* ReformerProtocol.h */ = {isa = PBXFileReference; fileEncoding = 4; lastKnownFileType = sourcecode.c.h; path = ReformerProtocol.h; sourceTree = "<group>"; };
		E797911D2088469000538641 /* CYLApiBaseManager.h */ = {isa = PBXFileReference; fileEncoding = 4; lastKnownFileType = sourcecode.c.h; path = CYLApiBaseManager.h; sourceTree = "<group>"; };
		E797911F2088469000538641 /* TKFileManager.m */ = {isa = PBXFileReference; fileEncoding = 4; lastKnownFileType = sourcecode.c.objc; path = TKFileManager.m; sourceTree = "<group>"; };
		E79791202088469000538641 /* LSFileAssistant.m */ = {isa = PBXFileReference; fileEncoding = 4; lastKnownFileType = sourcecode.c.objc; path = LSFileAssistant.m; sourceTree = "<group>"; };
		E79791212088469000538641 /* LSFileAssistant.h */ = {isa = PBXFileReference; fileEncoding = 4; lastKnownFileType = sourcecode.c.h; path = LSFileAssistant.h; sourceTree = "<group>"; };
		E79791222088469000538641 /* TKFileManager.h */ = {isa = PBXFileReference; fileEncoding = 4; lastKnownFileType = sourcecode.c.h; path = TKFileManager.h; sourceTree = "<group>"; };
		E7979134208846B700538641 /* CYLRefereshConstant.h */ = {isa = PBXFileReference; fileEncoding = 4; lastKnownFileType = sourcecode.c.h; path = CYLRefereshConstant.h; sourceTree = "<group>"; };
		E7979135208846B700538641 /* UIScrollView+Refresh.m */ = {isa = PBXFileReference; fileEncoding = 4; lastKnownFileType = sourcecode.c.objc; path = "UIScrollView+Refresh.m"; sourceTree = "<group>"; };
		E7979136208846B700538641 /* UIView+MJExtension.h */ = {isa = PBXFileReference; fileEncoding = 4; lastKnownFileType = sourcecode.c.h; path = "UIView+MJExtension.h"; sourceTree = "<group>"; };
		E7979137208846B700538641 /* CYLRefershHeader.m */ = {isa = PBXFileReference; fileEncoding = 4; lastKnownFileType = sourcecode.c.objc; path = CYLRefershHeader.m; sourceTree = "<group>"; };
		E7979138208846B700538641 /* CYLRefereshTool.m */ = {isa = PBXFileReference; fileEncoding = 4; lastKnownFileType = sourcecode.c.objc; path = CYLRefereshTool.m; sourceTree = "<group>"; };
		E797913A208846B700538641 /* Animator.m */ = {isa = PBXFileReference; fileEncoding = 4; lastKnownFileType = sourcecode.c.objc; path = Animator.m; sourceTree = "<group>"; };
		E797913B208846B700538641 /* Animator.h */ = {isa = PBXFileReference; fileEncoding = 4; lastKnownFileType = sourcecode.c.h; path = Animator.h; sourceTree = "<group>"; };
		E797913C208846B700538641 /* CYLRefereshBaseView.m */ = {isa = PBXFileReference; fileEncoding = 4; lastKnownFileType = sourcecode.c.objc; path = CYLRefereshBaseView.m; sourceTree = "<group>"; };
		E797913D208846B700538641 /* CYLRefreshFooter.m */ = {isa = PBXFileReference; fileEncoding = 4; lastKnownFileType = sourcecode.c.objc; path = CYLRefreshFooter.m; sourceTree = "<group>"; };
		E797913E208846B700538641 /* CYLRefereshConstant.m */ = {isa = PBXFileReference; fileEncoding = 4; lastKnownFileType = sourcecode.c.objc; path = CYLRefereshConstant.m; sourceTree = "<group>"; };
		E797913F208846B700538641 /* UIView+MJExtension.m */ = {isa = PBXFileReference; fileEncoding = 4; lastKnownFileType = sourcecode.c.objc; path = "UIView+MJExtension.m"; sourceTree = "<group>"; };
		E7979140208846B700538641 /* UIScrollView+Refresh.h */ = {isa = PBXFileReference; fileEncoding = 4; lastKnownFileType = sourcecode.c.h; path = "UIScrollView+Refresh.h"; sourceTree = "<group>"; };
		E7979141208846B700538641 /* CYLRefreshFooter.h */ = {isa = PBXFileReference; fileEncoding = 4; lastKnownFileType = sourcecode.c.h; path = CYLRefreshFooter.h; sourceTree = "<group>"; };
		E7979142208846B700538641 /* CYLRefereshBaseView.h */ = {isa = PBXFileReference; fileEncoding = 4; lastKnownFileType = sourcecode.c.h; path = CYLRefereshBaseView.h; sourceTree = "<group>"; };
		E7979143208846B700538641 /* CYLRefereshTool.h */ = {isa = PBXFileReference; fileEncoding = 4; lastKnownFileType = sourcecode.c.h; path = CYLRefereshTool.h; sourceTree = "<group>"; };
		E7979144208846B700538641 /* CYLRefershHeader.h */ = {isa = PBXFileReference; fileEncoding = 4; lastKnownFileType = sourcecode.c.h; path = CYLRefershHeader.h; sourceTree = "<group>"; };
		E7979156208846C100538641 /* CYLTansitionManager.m */ = {isa = PBXFileReference; fileEncoding = 4; lastKnownFileType = sourcecode.c.objc; path = CYLTansitionManager.m; sourceTree = "<group>"; };
		E7979157208846C100538641 /* CYLInteractiveTrasition.m */ = {isa = PBXFileReference; fileEncoding = 4; lastKnownFileType = sourcecode.c.objc; path = CYLInteractiveTrasition.m; sourceTree = "<group>"; };
		E7979158208846C100538641 /* UIImage+Blur.m */ = {isa = PBXFileReference; fileEncoding = 4; lastKnownFileType = sourcecode.c.objc; path = "UIImage+Blur.m"; sourceTree = "<group>"; };
		E797915A208846C100538641 /* MagicMoveTransitionAnimation.h */ = {isa = PBXFileReference; fileEncoding = 4; lastKnownFileType = sourcecode.c.h; path = MagicMoveTransitionAnimation.h; sourceTree = "<group>"; };
		E797915B208846C100538641 /* CYLCardPopUpController.h */ = {isa = PBXFileReference; fileEncoding = 4; lastKnownFileType = sourcecode.c.h; path = CYLCardPopUpController.h; sourceTree = "<group>"; };
		E797915C208846C100538641 /* SpreadTransitionAnimation.h */ = {isa = PBXFileReference; fileEncoding = 4; lastKnownFileType = sourcecode.c.h; path = SpreadTransitionAnimation.h; sourceTree = "<group>"; };
		E797915D208846C100538641 /* CardPopUpTransitionAnimation.m */ = {isa = PBXFileReference; fileEncoding = 4; lastKnownFileType = sourcecode.c.objc; path = CardPopUpTransitionAnimation.m; sourceTree = "<group>"; };
		E797915E208846C100538641 /* MagicMoveTransitionAnimation.m */ = {isa = PBXFileReference; fileEncoding = 4; lastKnownFileType = sourcecode.c.objc; path = MagicMoveTransitionAnimation.m; sourceTree = "<group>"; };
		E797915F208846C100538641 /* SpreadTransitionAnimation.m */ = {isa = PBXFileReference; fileEncoding = 4; lastKnownFileType = sourcecode.c.objc; path = SpreadTransitionAnimation.m; sourceTree = "<group>"; };
		E7979160208846C100538641 /* CYLCardPopUpController.m */ = {isa = PBXFileReference; fileEncoding = 4; lastKnownFileType = sourcecode.c.objc; path = CYLCardPopUpController.m; sourceTree = "<group>"; };
		E7979161208846C100538641 /* CardPopUpTransitionAnimation.h */ = {isa = PBXFileReference; fileEncoding = 4; lastKnownFileType = sourcecode.c.h; path = CardPopUpTransitionAnimation.h; sourceTree = "<group>"; };
		E7979162208846C100538641 /* CYLBaseTransitionAnimation.h */ = {isa = PBXFileReference; fileEncoding = 4; lastKnownFileType = sourcecode.c.h; path = CYLBaseTransitionAnimation.h; sourceTree = "<group>"; };
		E7979163208846C100538641 /* FXBlurView.h */ = {isa = PBXFileReference; fileEncoding = 4; lastKnownFileType = sourcecode.c.h; path = FXBlurView.h; sourceTree = "<group>"; };
		E7979164208846C100538641 /* CYLInteractiveTrasition.h */ = {isa = PBXFileReference; fileEncoding = 4; lastKnownFileType = sourcecode.c.h; path = CYLInteractiveTrasition.h; sourceTree = "<group>"; };
		E7979165208846C100538641 /* CYLTansitionManager.h */ = {isa = PBXFileReference; fileEncoding = 4; lastKnownFileType = sourcecode.c.h; path = CYLTansitionManager.h; sourceTree = "<group>"; };
		E7979166208846C100538641 /* CYLTransitionHeader.h */ = {isa = PBXFileReference; fileEncoding = 4; lastKnownFileType = sourcecode.c.h; path = CYLTransitionHeader.h; sourceTree = "<group>"; };
		E7979167208846C100538641 /* UIImage+Blur.h */ = {isa = PBXFileReference; fileEncoding = 4; lastKnownFileType = sourcecode.c.h; path = "UIImage+Blur.h"; sourceTree = "<group>"; };
		E7979168208846C100538641 /* FXBlurView.m */ = {isa = PBXFileReference; fileEncoding = 4; lastKnownFileType = sourcecode.c.objc; path = FXBlurView.m; sourceTree = "<group>"; };
		E7979169208846C100538641 /* CYLBaseTransitionAnimation.m */ = {isa = PBXFileReference; fileEncoding = 4; lastKnownFileType = sourcecode.c.objc; path = CYLBaseTransitionAnimation.m; sourceTree = "<group>"; };
		E797917E208846CB00538641 /* CYLWebViewController.m */ = {isa = PBXFileReference; fileEncoding = 4; lastKnownFileType = sourcecode.c.objc; path = CYLWebViewController.m; sourceTree = "<group>"; };
		E797917F208846CB00538641 /* CYLWebHandle.m */ = {isa = PBXFileReference; fileEncoding = 4; lastKnownFileType = sourcecode.c.objc; path = CYLWebHandle.m; sourceTree = "<group>"; };
		E7979180208846CB00538641 /* CYLWebView.m */ = {isa = PBXFileReference; fileEncoding = 4; lastKnownFileType = sourcecode.c.objc; path = CYLWebView.m; sourceTree = "<group>"; };
		E7979181208846CB00538641 /* CYLWebView.h */ = {isa = PBXFileReference; fileEncoding = 4; lastKnownFileType = sourcecode.c.h; path = CYLWebView.h; sourceTree = "<group>"; };
		E7979182208846CB00538641 /* CYLWebHandle.h */ = {isa = PBXFileReference; fileEncoding = 4; lastKnownFileType = sourcecode.c.h; path = CYLWebHandle.h; sourceTree = "<group>"; };
		E7979183208846CB00538641 /* CYLWebViewController.h */ = {isa = PBXFileReference; fileEncoding = 4; lastKnownFileType = sourcecode.c.h; path = CYLWebViewController.h; sourceTree = "<group>"; };
/* End PBXFileReference section */

/* Begin PBXFrameworksBuildPhase section */
		E367F74F20843CC00058FB4A /* Frameworks */ = {
			isa = PBXFrameworksBuildPhase;
			buildActionMask = 2147483647;
			files = (
				514F23339366777DFDC74D87 /* libPods-CYLAppBaseFrameWork.a in Frameworks */,
			);
			runOnlyForDeploymentPostprocessing = 0;
		};
/* End PBXFrameworksBuildPhase section */

/* Begin PBXGroup section */
		1639E4F3398054FA11DDC842 /* Pods */ = {
			isa = PBXGroup;
			children = (
				4181406B70A0C613BC44D313 /* Pods-CYLAppBaseFrameWork.debug.xcconfig */,
				789F4A85B7A5ACB881A5A01C /* Pods-CYLAppBaseFrameWork.release.xcconfig */,
			);
			name = Pods;
			sourceTree = "<group>";
		};
		48AF7ACBC360677E97C0898F /* Frameworks */ = {
			isa = PBXGroup;
			children = (
				B1BEF2B68741C6F23094A7DC /* libPods-CYLAppBaseFrameWork.a */,
			);
			name = Frameworks;
			sourceTree = "<group>";
		};
		E367F74920843CC00058FB4A = {
			isa = PBXGroup;
			children = (
				E367F75520843CC00058FB4A /* CYLAppBaseFrameWork */,
				E367F75420843CC00058FB4A /* Products */,
				1639E4F3398054FA11DDC842 /* Pods */,
				48AF7ACBC360677E97C0898F /* Frameworks */,
			);
			sourceTree = "<group>";
		};
		E367F75420843CC00058FB4A /* Products */ = {
			isa = PBXGroup;
			children = (
				E367F75320843CC00058FB4A /* CYLAppBaseFrameWork.framework */,
			);
			name = Products;
			sourceTree = "<group>";
		};
		E367F75520843CC00058FB4A /* CYLAppBaseFrameWork */ = {
			isa = PBXGroup;
			children = (
				E797917D208846CB00538641 /* CYLWebViewContainer */,
				E7979155208846C100538641 /* CYLTransitioning */,
				E7979133208846B600538641 /* CYLReferesh */,
				E797910F2088469000538641 /* CYLNetworkManager */,
				E797911E2088469000538641 /* FileManager */,
				E367F75620843CC00058FB4A /* CYLAppBaseFrameWork.h */,
				E367F75720843CC00058FB4A /* Info.plist */,
			);
			path = CYLAppBaseFrameWork;
			sourceTree = "<group>";
		};
		E797910F2088469000538641 /* CYLNetworkManager */ = {
			isa = PBXGroup;
			children = (
				E79791102088469000538641 /* NetWork */,
				E797911A2088469000538641 /* API */,
			);
			name = CYLNetworkManager;
			path = ../../../CYLNetWorkManager/CYLNetWorkManager/CYLNetworkManager;
			sourceTree = "<group>";
		};
		E79791102088469000538641 /* NetWork */ = {
			isa = PBXGroup;
			children = (
				E79791112088469000538641 /* CYLNetWorkCache.m */,
				E79791122088469000538641 /* Constant.h */,
				E79791132088469000538641 /* CYLNetworkConfigration.h */,
				E79791142088469000538641 /* CYLNetWorkManager.h */,
				E79791152088469000538641 /* CYLResponse.m */,
				E79791162088469000538641 /* CYLNetWorkCache.h */,
				E79791172088469000538641 /* CYLResponse.h */,
				E79791182088469000538641 /* CYLNetWorkManager.m */,
				E79791192088469000538641 /* CYLNetworkConfigration.m */,
			);
			path = NetWork;
			sourceTree = "<group>";
		};
		E797911A2088469000538641 /* API */ = {
			isa = PBXGroup;
			children = (
				E797911B2088469000538641 /* CYLApiBaseManager.m */,
				E797911C2088469000538641 /* ReformerProtocol.h */,
				E797911D2088469000538641 /* CYLApiBaseManager.h */,
			);
			path = API;
			sourceTree = "<group>";
		};
		E797911E2088469000538641 /* FileManager */ = {
			isa = PBXGroup;
			children = (
				E797911F2088469000538641 /* TKFileManager.m */,
				E79791202088469000538641 /* LSFileAssistant.m */,
				E79791212088469000538641 /* LSFileAssistant.h */,
				E79791222088469000538641 /* TKFileManager.h */,
			);
			name = FileManager;
			path = ../../../CYLNetWorkManager/CYLNetWorkManager/FileManager;
			sourceTree = "<group>";
		};
		E7979133208846B600538641 /* CYLReferesh */ = {
			isa = PBXGroup;
			children = (
				E7979134208846B700538641 /* CYLRefereshConstant.h */,
				E7979135208846B700538641 /* UIScrollView+Refresh.m */,
				E7979136208846B700538641 /* UIView+MJExtension.h */,
				E7979137208846B700538641 /* CYLRefershHeader.m */,
				E7979138208846B700538641 /* CYLRefereshTool.m */,
				E7979139208846B700538641 /* Animator */,
				E797913C208846B700538641 /* CYLRefereshBaseView.m */,
				E797913D208846B700538641 /* CYLRefreshFooter.m */,
				E797913E208846B700538641 /* CYLRefereshConstant.m */,
				E797913F208846B700538641 /* UIView+MJExtension.m */,
				E7979140208846B700538641 /* UIScrollView+Refresh.h */,
				E7979141208846B700538641 /* CYLRefreshFooter.h */,
				E7979142208846B700538641 /* CYLRefereshBaseView.h */,
				E7979143208846B700538641 /* CYLRefereshTool.h */,
				E7979144208846B700538641 /* CYLRefershHeader.h */,
			);
			name = CYLReferesh;
			path = ../../../CYLReferesh/CYLReferesh/CYLReferesh;
			sourceTree = "<group>";
		};
		E7979139208846B700538641 /* Animator */ = {
			isa = PBXGroup;
			children = (
				E797913A208846B700538641 /* Animator.m */,
				E797913B208846B700538641 /* Animator.h */,
			);
			path = Animator;
			sourceTree = "<group>";
		};
		E7979155208846C100538641 /* CYLTransitioning */ = {
			isa = PBXGroup;
			children = (
				E7979156208846C100538641 /* CYLTansitionManager.m */,
				E7979157208846C100538641 /* CYLInteractiveTrasition.m */,
				E7979158208846C100538641 /* UIImage+Blur.m */,
				E7979159208846C100538641 /* TransitionAnimation */,
				E7979162208846C100538641 /* CYLBaseTransitionAnimation.h */,
				E7979163208846C100538641 /* FXBlurView.h */,
				E7979164208846C100538641 /* CYLInteractiveTrasition.h */,
				E7979165208846C100538641 /* CYLTansitionManager.h */,
				E7979166208846C100538641 /* CYLTransitionHeader.h */,
				E7979167208846C100538641 /* UIImage+Blur.h */,
				E7979168208846C100538641 /* FXBlurView.m */,
				E7979169208846C100538641 /* CYLBaseTransitionAnimation.m */,
			);
			name = CYLTransitioning;
			path = ../../../CYLTransitioning;
			sourceTree = "<group>";
		};
		E7979159208846C100538641 /* TransitionAnimation */ = {
			isa = PBXGroup;
			children = (
				E797915A208846C100538641 /* MagicMoveTransitionAnimation.h */,
				E797915B208846C100538641 /* CYLCardPopUpController.h */,
				E797915C208846C100538641 /* SpreadTransitionAnimation.h */,
				E797915D208846C100538641 /* CardPopUpTransitionAnimation.m */,
				E797915E208846C100538641 /* MagicMoveTransitionAnimation.m */,
				E797915F208846C100538641 /* SpreadTransitionAnimation.m */,
				E7979160208846C100538641 /* CYLCardPopUpController.m */,
				E7979161208846C100538641 /* CardPopUpTransitionAnimation.h */,
			);
			path = TransitionAnimation;
			sourceTree = "<group>";
		};
		E797917D208846CB00538641 /* CYLWebViewContainer */ = {
			isa = PBXGroup;
			children = (
				E797917E208846CB00538641 /* CYLWebViewController.m */,
				E797917F208846CB00538641 /* CYLWebHandle.m */,
				E7979180208846CB00538641 /* CYLWebView.m */,
				E7979181208846CB00538641 /* CYLWebView.h */,
				E7979182208846CB00538641 /* CYLWebHandle.h */,
				E7979183208846CB00538641 /* CYLWebViewController.h */,
			);
			name = CYLWebViewContainer;
			path = ../../../CYLWebViewContainer/CYLWebViewContainer/CYLWebViewContainer;
			sourceTree = "<group>";
		};
/* End PBXGroup section */

/* Begin PBXHeadersBuildPhase section */
		E367F75020843CC00058FB4A /* Headers */ = {
			isa = PBXHeadersBuildPhase;
			buildActionMask = 2147483647;
			files = (
				E7979175208846C200538641 /* CYLBaseTransitionAnimation.h in Headers */,
				E797916E208846C200538641 /* CYLCardPopUpController.h in Headers */,
				E79791242088469000538641 /* Constant.h in Headers */,
				E797912E2088469000538641 /* CYLApiBaseManager.h in Headers */,
				E79791252088469000538641 /* CYLNetworkConfigration.h in Headers */,
				E79791262088469000538641 /* CYLNetWorkManager.h in Headers */,
				E7979150208846B700538641 /* UIScrollView+Refresh.h in Headers */,
				E797914B208846B700538641 /* Animator.h in Headers */,
				E797916F208846C200538641 /* SpreadTransitionAnimation.h in Headers */,
				E7979178208846C200538641 /* CYLTansitionManager.h in Headers */,
				E7979145208846B700538641 /* CYLRefereshConstant.h in Headers */,
				E7979179208846C200538641 /* CYLTransitionHeader.h in Headers */,
				E367F75820843CC00058FB4A /* CYLAppBaseFrameWork.h in Headers */,
				E7979151208846B700538641 /* CYLRefreshFooter.h in Headers */,
				E7979187208846CB00538641 /* CYLWebView.h in Headers */,
				E797916D208846C200538641 /* MagicMoveTransitionAnimation.h in Headers */,
				E7979177208846C200538641 /* CYLInteractiveTrasition.h in Headers */,
				E7979189208846CB00538641 /* CYLWebViewController.h in Headers */,
				E7979153208846B700538641 /* CYLRefereshTool.h in Headers */,
				E7979147208846B700538641 /* UIView+MJExtension.h in Headers */,
				E79791322088469000538641 /* TKFileManager.h in Headers */,
				E7979188208846CB00538641 /* CYLWebHandle.h in Headers */,
				E7979176208846C200538641 /* FXBlurView.h in Headers */,
				E7979154208846B700538641 /* CYLRefershHeader.h in Headers */,
				E79791292088469000538641 /* CYLResponse.h in Headers */,
				E7979174208846C200538641 /* CardPopUpTransitionAnimation.h in Headers */,
				E797912D2088469000538641 /* ReformerProtocol.h in Headers */,
				E7979152208846B700538641 /* CYLRefereshBaseView.h in Headers */,
				E797917A208846C200538641 /* UIImage+Blur.h in Headers */,
				E79791282088469000538641 /* CYLNetWorkCache.h in Headers */,
				E79791312088469000538641 /* LSFileAssistant.h in Headers */,
			);
			runOnlyForDeploymentPostprocessing = 0;
		};
/* End PBXHeadersBuildPhase section */

/* Begin PBXNativeTarget section */
		E367F75220843CC00058FB4A /* CYLAppBaseFrameWork */ = {
			isa = PBXNativeTarget;
			buildConfigurationList = E367F75B20843CC00058FB4A /* Build configuration list for PBXNativeTarget "CYLAppBaseFrameWork" */;
			buildPhases = (
				C71BB6E0269C80B974A0D872 /* [CP] Check Pods Manifest.lock */,
				E367F74E20843CC00058FB4A /* Sources */,
				E367F74F20843CC00058FB4A /* Frameworks */,
				E367F75020843CC00058FB4A /* Headers */,
				E367F75120843CC00058FB4A /* Resources */,
				160116275F8E0706FA3AA0A4 /* [CP] Copy Pods Resources */,
			);
			buildRules = (
			);
			dependencies = (
			);
			name = CYLAppBaseFrameWork;
			productName = CYLAppBaseFrameWork;
			productReference = E367F75320843CC00058FB4A /* CYLAppBaseFrameWork.framework */;
			productType = "com.apple.product-type.framework";
		};
/* End PBXNativeTarget section */

/* Begin PBXProject section */
		E367F74A20843CC00058FB4A /* Project object */ = {
			isa = PBXProject;
			attributes = {
				LastUpgradeCheck = 0920;
				ORGANIZATIONNAME = Gary;
				TargetAttributes = {
					E367F75220843CC00058FB4A = {
						CreatedOnToolsVersion = 9.2;
						ProvisioningStyle = Automatic;
					};
				};
			};
			buildConfigurationList = E367F74D20843CC00058FB4A /* Build configuration list for PBXProject "CYLAppBaseFrameWork" */;
			compatibilityVersion = "Xcode 8.0";
			developmentRegion = en;
			hasScannedForEncodings = 0;
			knownRegions = (
				en,
				Base,
			);
			mainGroup = E367F74920843CC00058FB4A;
			productRefGroup = E367F75420843CC00058FB4A /* Products */;
			projectDirPath = "";
			projectRoot = "";
			targets = (
				E367F75220843CC00058FB4A /* CYLAppBaseFrameWork */,
			);
		};
/* End PBXProject section */

/* Begin PBXResourcesBuildPhase section */
		E367F75120843CC00058FB4A /* Resources */ = {
			isa = PBXResourcesBuildPhase;
			buildActionMask = 2147483647;
			files = (
			);
			runOnlyForDeploymentPostprocessing = 0;
		};
/* End PBXResourcesBuildPhase section */

/* Begin PBXShellScriptBuildPhase section */
		160116275F8E0706FA3AA0A4 /* [CP] Copy Pods Resources */ = {
			isa = PBXShellScriptBuildPhase;
			buildActionMask = 2147483647;
			files = (
			);
			inputPaths = (
			);
			name = "[CP] Copy Pods Resources";
			outputPaths = (
			);
			runOnlyForDeploymentPostprocessing = 0;
			shellPath = /bin/sh;
			shellScript = "\"${SRCROOT}/../Pods/Target Support Files/Pods-CYLAppBaseFrameWork/Pods-CYLAppBaseFrameWork-resources.sh\"\n";
			showEnvVarsInLog = 0;
		};
		C71BB6E0269C80B974A0D872 /* [CP] Check Pods Manifest.lock */ = {
			isa = PBXShellScriptBuildPhase;
			buildActionMask = 2147483647;
			files = (
			);
			inputPaths = (
				"${PODS_PODFILE_DIR_PATH}/Podfile.lock",
				"${PODS_ROOT}/Manifest.lock",
			);
			name = "[CP] Check Pods Manifest.lock";
			outputPaths = (
				"$(DERIVED_FILE_DIR)/Pods-CYLAppBaseFrameWork-checkManifestLockResult.txt",
			);
			runOnlyForDeploymentPostprocessing = 0;
			shellPath = /bin/sh;
			shellScript = "diff \"${PODS_PODFILE_DIR_PATH}/Podfile.lock\" \"${PODS_ROOT}/Manifest.lock\" > /dev/null\nif [ $? != 0 ] ; then\n    # print error to STDERR\n    echo \"error: The sandbox is not in sync with the Podfile.lock. Run 'pod install' or update your CocoaPods installation.\" >&2\n    exit 1\nfi\n# This output is used by Xcode 'outputs' to avoid re-running this script phase.\necho \"SUCCESS\" > \"${SCRIPT_OUTPUT_FILE_0}\"\n";
			showEnvVarsInLog = 0;
		};
/* End PBXShellScriptBuildPhase section */

/* Begin PBXSourcesBuildPhase section */
		E367F74E20843CC00058FB4A /* Sources */ = {
			isa = PBXSourcesBuildPhase;
			buildActionMask = 2147483647;
			files = (
				E797916C208846C200538641 /* UIImage+Blur.m in Sources */,
				E797914A208846B700538641 /* Animator.m in Sources */,
				E797914F208846B700538641 /* UIView+MJExtension.m in Sources */,
				E7979173208846C200538641 /* CYLCardPopUpController.m in Sources */,
				E797912F2088469000538641 /* TKFileManager.m in Sources */,
				E797912B2088469000538641 /* CYLNetworkConfigration.m in Sources */,
				E79791232088469000538641 /* CYLNetWorkCache.m in Sources */,
				E7979146208846B700538641 /* UIScrollView+Refresh.m in Sources */,
				E797917B208846C200538641 /* FXBlurView.m in Sources */,
				E797916B208846C200538641 /* CYLInteractiveTrasition.m in Sources */,
				E7979171208846C200538641 /* MagicMoveTransitionAnimation.m in Sources */,
				E7979149208846B700538641 /* CYLRefereshTool.m in Sources */,
				E7979172208846C200538641 /* SpreadTransitionAnimation.m in Sources */,
				E7979186208846CB00538641 /* CYLWebView.m in Sources */,
				E797917C208846C200538641 /* CYLBaseTransitionAnimation.m in Sources */,
				E797914E208846B700538641 /* CYLRefereshConstant.m in Sources */,
				E7979184208846CB00538641 /* CYLWebViewController.m in Sources */,
				E7979148208846B700538641 /* CYLRefershHeader.m in Sources */,
				E797912C2088469000538641 /* CYLApiBaseManager.m in Sources */,
				E7979170208846C200538641 /* CardPopUpTransitionAnimation.m in Sources */,
				E797912A2088469000538641 /* CYLNetWorkManager.m in Sources */,
				E79791302088469000538641 /* LSFileAssistant.m in Sources */,
				E797916A208846C200538641 /* CYLTansitionManager.m in Sources */,
				E797914D208846B700538641 /* CYLRefreshFooter.m in Sources */,
				E797914C208846B700538641 /* CYLRefereshBaseView.m in Sources */,
				E79791272088469000538641 /* CYLResponse.m in Sources */,
				E7979185208846CB00538641 /* CYLWebHandle.m in Sources */,
			);
			runOnlyForDeploymentPostprocessing = 0;
		};
/* End PBXSourcesBuildPhase section */

/* Begin XCBuildConfiguration section */
		E367F75920843CC00058FB4A /* Debug */ = {
			isa = XCBuildConfiguration;
			buildSettings = {
				ALWAYS_SEARCH_USER_PATHS = NO;
				CLANG_ANALYZER_NONNULL = YES;
				CLANG_ANALYZER_NUMBER_OBJECT_CONVERSION = YES_AGGRESSIVE;
				CLANG_CXX_LANGUAGE_STANDARD = "gnu++14";
				CLANG_CXX_LIBRARY = "libc++";
				CLANG_ENABLE_MODULES = YES;
				CLANG_ENABLE_OBJC_ARC = YES;
				CLANG_WARN_BLOCK_CAPTURE_AUTORELEASING = YES;
				CLANG_WARN_BOOL_CONVERSION = YES;
				CLANG_WARN_COMMA = YES;
				CLANG_WARN_CONSTANT_CONVERSION = YES;
				CLANG_WARN_DIRECT_OBJC_ISA_USAGE = YES_ERROR;
				CLANG_WARN_DOCUMENTATION_COMMENTS = YES;
				CLANG_WARN_EMPTY_BODY = YES;
				CLANG_WARN_ENUM_CONVERSION = YES;
				CLANG_WARN_INFINITE_RECURSION = YES;
				CLANG_WARN_INT_CONVERSION = YES;
				CLANG_WARN_NON_LITERAL_NULL_CONVERSION = YES;
				CLANG_WARN_OBJC_LITERAL_CONVERSION = YES;
				CLANG_WARN_OBJC_ROOT_CLASS = YES_ERROR;
				CLANG_WARN_RANGE_LOOP_ANALYSIS = YES;
				CLANG_WARN_STRICT_PROTOTYPES = YES;
				CLANG_WARN_SUSPICIOUS_MOVE = YES;
				CLANG_WARN_UNGUARDED_AVAILABILITY = YES_AGGRESSIVE;
				CLANG_WARN_UNREACHABLE_CODE = YES;
				CLANG_WARN__DUPLICATE_METHOD_MATCH = YES;
				CODE_SIGN_IDENTITY = "iPhone Developer";
				COPY_PHASE_STRIP = NO;
				CURRENT_PROJECT_VERSION = 1;
				DEBUG_INFORMATION_FORMAT = dwarf;
				ENABLE_STRICT_OBJC_MSGSEND = YES;
				ENABLE_TESTABILITY = YES;
				GCC_C_LANGUAGE_STANDARD = gnu11;
				GCC_DYNAMIC_NO_PIC = NO;
				GCC_NO_COMMON_BLOCKS = YES;
				GCC_OPTIMIZATION_LEVEL = 0;
				GCC_PREPROCESSOR_DEFINITIONS = (
					"DEBUG=1",
					"$(inherited)",
				);
				GCC_WARN_64_TO_32_BIT_CONVERSION = YES;
				GCC_WARN_ABOUT_RETURN_TYPE = YES_ERROR;
				GCC_WARN_UNDECLARED_SELECTOR = YES;
				GCC_WARN_UNINITIALIZED_AUTOS = YES_AGGRESSIVE;
				GCC_WARN_UNUSED_FUNCTION = YES;
				GCC_WARN_UNUSED_VARIABLE = YES;
				IPHONEOS_DEPLOYMENT_TARGET = 11.2;
				MTL_ENABLE_DEBUG_INFO = YES;
				ONLY_ACTIVE_ARCH = YES;
				SDKROOT = iphoneos;
				VERSIONING_SYSTEM = "apple-generic";
				VERSION_INFO_PREFIX = "";
			};
			name = Debug;
		};
		E367F75A20843CC00058FB4A /* Release */ = {
			isa = XCBuildConfiguration;
			buildSettings = {
				ALWAYS_SEARCH_USER_PATHS = NO;
				CLANG_ANALYZER_NONNULL = YES;
				CLANG_ANALYZER_NUMBER_OBJECT_CONVERSION = YES_AGGRESSIVE;
				CLANG_CXX_LANGUAGE_STANDARD = "gnu++14";
				CLANG_CXX_LIBRARY = "libc++";
				CLANG_ENABLE_MODULES = YES;
				CLANG_ENABLE_OBJC_ARC = YES;
				CLANG_WARN_BLOCK_CAPTURE_AUTORELEASING = YES;
				CLANG_WARN_BOOL_CONVERSION = YES;
				CLANG_WARN_COMMA = YES;
				CLANG_WARN_CONSTANT_CONVERSION = YES;
				CLANG_WARN_DIRECT_OBJC_ISA_USAGE = YES_ERROR;
				CLANG_WARN_DOCUMENTATION_COMMENTS = YES;
				CLANG_WARN_EMPTY_BODY = YES;
				CLANG_WARN_ENUM_CONVERSION = YES;
				CLANG_WARN_INFINITE_RECURSION = YES;
				CLANG_WARN_INT_CONVERSION = YES;
				CLANG_WARN_NON_LITERAL_NULL_CONVERSION = YES;
				CLANG_WARN_OBJC_LITERAL_CONVERSION = YES;
				CLANG_WARN_OBJC_ROOT_CLASS = YES_ERROR;
				CLANG_WARN_RANGE_LOOP_ANALYSIS = YES;
				CLANG_WARN_STRICT_PROTOTYPES = YES;
				CLANG_WARN_SUSPICIOUS_MOVE = YES;
				CLANG_WARN_UNGUARDED_AVAILABILITY = YES_AGGRESSIVE;
				CLANG_WARN_UNREACHABLE_CODE = YES;
				CLANG_WARN__DUPLICATE_METHOD_MATCH = YES;
				CODE_SIGN_IDENTITY = "iPhone Developer";
				COPY_PHASE_STRIP = NO;
				CURRENT_PROJECT_VERSION = 1;
				DEBUG_INFORMATION_FORMAT = "dwarf-with-dsym";
				ENABLE_NS_ASSERTIONS = NO;
				ENABLE_STRICT_OBJC_MSGSEND = YES;
				GCC_C_LANGUAGE_STANDARD = gnu11;
				GCC_NO_COMMON_BLOCKS = YES;
				GCC_WARN_64_TO_32_BIT_CONVERSION = YES;
				GCC_WARN_ABOUT_RETURN_TYPE = YES_ERROR;
				GCC_WARN_UNDECLARED_SELECTOR = YES;
				GCC_WARN_UNINITIALIZED_AUTOS = YES_AGGRESSIVE;
				GCC_WARN_UNUSED_FUNCTION = YES;
				GCC_WARN_UNUSED_VARIABLE = YES;
				IPHONEOS_DEPLOYMENT_TARGET = 11.2;
				MTL_ENABLE_DEBUG_INFO = NO;
				SDKROOT = iphoneos;
				VALIDATE_PRODUCT = YES;
				VERSIONING_SYSTEM = "apple-generic";
				VERSION_INFO_PREFIX = "";
			};
			name = Release;
		};
		E367F75C20843CC00058FB4A /* Debug */ = {
			isa = XCBuildConfiguration;
			baseConfigurationReference = 4181406B70A0C613BC44D313 /* Pods-CYLAppBaseFrameWork.debug.xcconfig */;
			buildSettings = {
				CODE_SIGN_IDENTITY = "";
				CODE_SIGN_STYLE = Automatic;
				DEFINES_MODULE = YES;
				DEVELOPMENT_TEAM = WNNZLJCCS5;
				DYLIB_COMPATIBILITY_VERSION = 1;
				DYLIB_CURRENT_VERSION = 1;
				DYLIB_INSTALL_NAME_BASE = "@rpath";
				INFOPLIST_FILE = CYLAppBaseFrameWork/Info.plist;
				INSTALL_PATH = "$(LOCAL_LIBRARY_DIR)/Frameworks";
				LD_RUNPATH_SEARCH_PATHS = "$(inherited) @executable_path/Frameworks @loader_path/Frameworks";
				PRODUCT_BUNDLE_IDENTIFIER = "com.chinapex.-CYLAppBaseFrameWork.CYLAppBaseFrameWork";
				PRODUCT_NAME = "$(TARGET_NAME:c99extidentifier)";
				SKIP_INSTALL = YES;
				TARGETED_DEVICE_FAMILY = "1,2";
			};
			name = Debug;
		};
		E367F75D20843CC00058FB4A /* Release */ = {
			isa = XCBuildConfiguration;
			baseConfigurationReference = 789F4A85B7A5ACB881A5A01C /* Pods-CYLAppBaseFrameWork.release.xcconfig */;
			buildSettings = {
				CODE_SIGN_IDENTITY = "";
				CODE_SIGN_STYLE = Automatic;
				DEFINES_MODULE = YES;
				DEVELOPMENT_TEAM = WNNZLJCCS5;
				DYLIB_COMPATIBILITY_VERSION = 1;
				DYLIB_CURRENT_VERSION = 1;
				DYLIB_INSTALL_NAME_BASE = "@rpath";
				INFOPLIST_FILE = CYLAppBaseFrameWork/Info.plist;
				INSTALL_PATH = "$(LOCAL_LIBRARY_DIR)/Frameworks";
				LD_RUNPATH_SEARCH_PATHS = "$(inherited) @executable_path/Frameworks @loader_path/Frameworks";
				PRODUCT_BUNDLE_IDENTIFIER = "com.chinapex.-CYLAppBaseFrameWork.CYLAppBaseFrameWork";
				PRODUCT_NAME = "$(TARGET_NAME:c99extidentifier)";
				SKIP_INSTALL = YES;
				TARGETED_DEVICE_FAMILY = "1,2";
			};
			name = Release;
		};
/* End XCBuildConfiguration section */

/* Begin XCConfigurationList section */
		E367F74D20843CC00058FB4A /* Build configuration list for PBXProject "CYLAppBaseFrameWork" */ = {
			isa = XCConfigurationList;
			buildConfigurations = (
				E367F75920843CC00058FB4A /* Debug */,
				E367F75A20843CC00058FB4A /* Release */,
			);
			defaultConfigurationIsVisible = 0;
			defaultConfigurationName = Release;
		};
		E367F75B20843CC00058FB4A /* Build configuration list for PBXNativeTarget "CYLAppBaseFrameWork" */ = {
			isa = XCConfigurationList;
			buildConfigurations = (
				E367F75C20843CC00058FB4A /* Debug */,
				E367F75D20843CC00058FB4A /* Release */,
			);
			defaultConfigurationIsVisible = 0;
			defaultConfigurationName = Release;
		};
/* End XCConfigurationList section */
	};
	rootObject = E367F74A20843CC00058FB4A /* Project object */;
}
